// !$*UTF8*$!
{
	archiveVersion = 1;
	classes = {
	};
	objectVersion = 56;
	objects = {

/* Begin PBXBuildFile section */
		B21048162A72A1BA00FA8CF2 /* CoreWindow.cpp in Sources */ = {isa = PBXBuildFile; fileRef = B21048142A72A1BA00FA8CF2 /* CoreWindow.cpp */; };
		B21048172A72A1BA00FA8CF2 /* CoreWindow.hpp in Headers */ = {isa = PBXBuildFile; fileRef = B21048152A72A1BA00FA8CF2 /* CoreWindow.hpp */; };
		B210481E2A72CA9000FA8CF2 /* MacWindow.cpp in Sources */ = {isa = PBXBuildFile; fileRef = B210481C2A72CA9000FA8CF2 /* MacWindow.cpp */; };
		B210481F2A72CA9000FA8CF2 /* MacWindow.hpp in Headers */ = {isa = PBXBuildFile; fileRef = B210481D2A72CA9000FA8CF2 /* MacWindow.hpp */; };
		B21FAA312A728EB9009EED1F /* KeyCodes.h in Headers */ = {isa = PBXBuildFile; fileRef = B21FAA2F2A728EB9009EED1F /* KeyCodes.h */; };
		B21FAA382A728F4D009EED1F /* Event.h in Headers */ = {isa = PBXBuildFile; fileRef = B21FAA362A728F4D009EED1F /* Event.h */; };
		B21FAA3D2A729078009EED1F /* KeyEvent.h in Headers */ = {isa = PBXBuildFile; fileRef = B21FAA3B2A729078009EED1F /* KeyEvent.h */; };
		B21FAA412A729256009EED1F /* TimeStep.cpp in Sources */ = {isa = PBXBuildFile; fileRef = B21FAA3F2A729256009EED1F /* TimeStep.cpp */; };
		B21FAA422A729256009EED1F /* TimeStep.hpp in Headers */ = {isa = PBXBuildFile; fileRef = B21FAA402A729256009EED1F /* TimeStep.hpp */; };
		B21FAA452A7292B3009EED1F /* Buffers.cpp in Sources */ = {isa = PBXBuildFile; fileRef = B21FAA432A7292B3009EED1F /* Buffers.cpp */; };
		B21FAA462A7292B3009EED1F /* Buffers.hpp in Headers */ = {isa = PBXBuildFile; fileRef = B21FAA442A7292B3009EED1F /* Buffers.hpp */; };
		B21FAA492A729312009EED1F /* IKMemory.cpp in Sources */ = {isa = PBXBuildFile; fileRef = B21FAA472A729312009EED1F /* IKMemory.cpp */; };
		B21FAA4A2A729312009EED1F /* IKMemory.hpp in Headers */ = {isa = PBXBuildFile; fileRef = B21FAA482A729312009EED1F /* IKMemory.hpp */; };
		B21FAA4D2A7297DA009EED1F /* Application.cpp in Sources */ = {isa = PBXBuildFile; fileRef = B21FAA4B2A7297DA009EED1F /* Application.cpp */; };
		B21FAA4E2A7297DA009EED1F /* Application.hpp in Headers */ = {isa = PBXBuildFile; fileRef = B21FAA4C2A7297DA009EED1F /* Application.hpp */; };
		B23364832A72CC9700BC7B8B /* libGLFW.a in Frameworks */ = {isa = PBXBuildFile; fileRef = B21FB3B52A729EBB009EED1F /* libGLFW.a */; };
		B233648E2A72CE7200BC7B8B /* Renderer.cpp in Sources */ = {isa = PBXBuildFile; fileRef = B233648C2A72CE7200BC7B8B /* Renderer.cpp */; };
		B233648F2A72CE7200BC7B8B /* Renderer.hpp in Headers */ = {isa = PBXBuildFile; fileRef = B233648D2A72CE7200BC7B8B /* Renderer.hpp */; };
		B23364B92A72D14800BC7B8B /* RendererContext.cpp in Sources */ = {isa = PBXBuildFile; fileRef = B23364B72A72D14800BC7B8B /* RendererContext.cpp */; };
		B23364BA2A72D14800BC7B8B /* RendererContext.hpp in Headers */ = {isa = PBXBuildFile; fileRef = B23364B82A72D14800BC7B8B /* RendererContext.hpp */; };
		B24077002A72431700221919 /* FileSystem.cpp in Sources */ = {isa = PBXBuildFile; fileRef = B24076FE2A72431700221919 /* FileSystem.cpp */; };
		B24077012A72431700221919 /* FileSystem.hpp in Headers */ = {isa = PBXBuildFile; fileRef = B24076FF2A72431700221919 /* FileSystem.hpp */; };
		B24077182A72651400221919 /* Common.cpp in Sources */ = {isa = PBXBuildFile; fileRef = B24077162A72651400221919 /* Common.cpp */; };
		B24077192A72651400221919 /* Common.hpp in Headers */ = {isa = PBXBuildFile; fileRef = B24077172A72651400221919 /* Common.hpp */; };
		B240771E2A72665A00221919 /* Logger.cpp in Sources */ = {isa = PBXBuildFile; fileRef = B240771C2A72665A00221919 /* Logger.cpp */; };
		B240771F2A72665A00221919 /* Logger.hpp in Headers */ = {isa = PBXBuildFile; fileRef = B240771D2A72665A00221919 /* Logger.hpp */; };
		B2B5DE3B2A7272560068EEFB /* AssertAPIs.h in Headers */ = {isa = PBXBuildFile; fileRef = B2B5DE392A7272560068EEFB /* AssertAPIs.h */; };
		B2B5DE3E2A727C090068EEFB /* Timer.cpp in Sources */ = {isa = PBXBuildFile; fileRef = B2B5DE3C2A727C090068EEFB /* Timer.cpp */; };
		B2B5DE3F2A727C090068EEFB /* Timer.hpp in Headers */ = {isa = PBXBuildFile; fileRef = B2B5DE3D2A727C090068EEFB /* Timer.hpp */; };
/* End PBXBuildFile section */

/* Begin PBXContainerItemProxy section */
		B21FB3B42A729EBB009EED1F /* PBXContainerItemProxy */ = {
			isa = PBXContainerItemProxy;
			containerPortal = B21FB3B02A729EBB009EED1F /* GLFW.xcodeproj */;
			proxyType = 2;
			remoteGlobalIDString = B21FB3A22A729EBB009EED1F;
			remoteInfo = GLFW;
		};
		B23364AB2A72D0CC00BC7B8B /* PBXContainerItemProxy */ = {
			isa = PBXContainerItemProxy;
			containerPortal = B23364A72A72D0CC00BC7B8B /* Glad.xcodeproj */;
			proxyType = 2;
			remoteGlobalIDString = B23364992A72D0CC00BC7B8B;
			remoteInfo = Glad;
		};
/* End PBXContainerItemProxy section */

/* Begin PBXFileReference section */
		B21048142A72A1BA00FA8CF2 /* CoreWindow.cpp */ = {isa = PBXFileReference; lastKnownFileType = sourcecode.cpp.cpp; path = CoreWindow.cpp; sourceTree = "<group>"; };
		B21048152A72A1BA00FA8CF2 /* CoreWindow.hpp */ = {isa = PBXFileReference; lastKnownFileType = sourcecode.cpp.h; path = CoreWindow.hpp; sourceTree = "<group>"; };
		B210481C2A72CA9000FA8CF2 /* MacWindow.cpp */ = {isa = PBXFileReference; lastKnownFileType = sourcecode.cpp.cpp; path = MacWindow.cpp; sourceTree = "<group>"; };
		B210481D2A72CA9000FA8CF2 /* MacWindow.hpp */ = {isa = PBXFileReference; lastKnownFileType = sourcecode.cpp.h; path = MacWindow.hpp; sourceTree = "<group>"; };
		B21FAA2F2A728EB9009EED1F /* KeyCodes.h */ = {isa = PBXFileReference; lastKnownFileType = sourcecode.c.h; path = KeyCodes.h; sourceTree = "<group>"; };
		B21FAA322A728EFC009EED1F /* MouseCodes.h */ = {isa = PBXFileReference; lastKnownFileType = sourcecode.c.h; path = MouseCodes.h; sourceTree = "<group>"; };
		B21FAA362A728F4D009EED1F /* Event.h */ = {isa = PBXFileReference; lastKnownFileType = sourcecode.c.h; path = Event.h; sourceTree = "<group>"; };
		B21FAA392A729056009EED1F /* ApplicationEvent.h */ = {isa = PBXFileReference; lastKnownFileType = sourcecode.c.h; path = ApplicationEvent.h; sourceTree = "<group>"; };
		B21FAA3B2A729078009EED1F /* KeyEvent.h */ = {isa = PBXFileReference; lastKnownFileType = sourcecode.c.h; path = KeyEvent.h; sourceTree = "<group>"; };
		B21FAA3E2A72909A009EED1F /* MouseEvent.h */ = {isa = PBXFileReference; lastKnownFileType = sourcecode.c.h; path = MouseEvent.h; sourceTree = "<group>"; };
		B21FAA3F2A729256009EED1F /* TimeStep.cpp */ = {isa = PBXFileReference; lastKnownFileType = sourcecode.cpp.cpp; path = TimeStep.cpp; sourceTree = "<group>"; };
		B21FAA402A729256009EED1F /* TimeStep.hpp */ = {isa = PBXFileReference; lastKnownFileType = sourcecode.cpp.h; path = TimeStep.hpp; sourceTree = "<group>"; };
		B21FAA432A7292B3009EED1F /* Buffers.cpp */ = {isa = PBXFileReference; lastKnownFileType = sourcecode.cpp.cpp; path = Buffers.cpp; sourceTree = "<group>"; };
		B21FAA442A7292B3009EED1F /* Buffers.hpp */ = {isa = PBXFileReference; lastKnownFileType = sourcecode.cpp.h; path = Buffers.hpp; sourceTree = "<group>"; };
		B21FAA472A729312009EED1F /* IKMemory.cpp */ = {isa = PBXFileReference; lastKnownFileType = sourcecode.cpp.cpp; path = IKMemory.cpp; sourceTree = "<group>"; };
		B21FAA482A729312009EED1F /* IKMemory.hpp */ = {isa = PBXFileReference; lastKnownFileType = sourcecode.cpp.h; path = IKMemory.hpp; sourceTree = "<group>"; };
		B21FAA4B2A7297DA009EED1F /* Application.cpp */ = {isa = PBXFileReference; lastKnownFileType = sourcecode.cpp.cpp; path = Application.cpp; sourceTree = "<group>"; };
		B21FAA4C2A7297DA009EED1F /* Application.hpp */ = {isa = PBXFileReference; lastKnownFileType = sourcecode.cpp.h; path = Application.hpp; sourceTree = "<group>"; };
		B21FB3B02A729EBB009EED1F /* GLFW.xcodeproj */ = {isa = PBXFileReference; lastKnownFileType = "wrapper.pb-project"; name = GLFW.xcodeproj; path = GLFW/GLFW.xcodeproj; sourceTree = "<group>"; };
		B233648C2A72CE7200BC7B8B /* Renderer.cpp */ = {isa = PBXFileReference; lastKnownFileType = sourcecode.cpp.cpp; path = Renderer.cpp; sourceTree = "<group>"; };
		B233648D2A72CE7200BC7B8B /* Renderer.hpp */ = {isa = PBXFileReference; lastKnownFileType = sourcecode.cpp.h; path = Renderer.hpp; sourceTree = "<group>"; };
		B23364A72A72D0CC00BC7B8B /* Glad.xcodeproj */ = {isa = PBXFileReference; lastKnownFileType = "wrapper.pb-project"; name = Glad.xcodeproj; path = Glad/Glad.xcodeproj; sourceTree = "<group>"; };
		B23364B72A72D14800BC7B8B /* RendererContext.cpp */ = {isa = PBXFileReference; lastKnownFileType = sourcecode.cpp.cpp; path = RendererContext.cpp; sourceTree = "<group>"; };
		B23364B82A72D14800BC7B8B /* RendererContext.hpp */ = {isa = PBXFileReference; lastKnownFileType = sourcecode.cpp.h; path = RendererContext.hpp; sourceTree = "<group>"; };
		B24076E52A72391000221919 /* libIKan.a */ = {isa = PBXFileReference; explicitFileType = archive.ar; includeInIndex = 0; path = libIKan.a; sourceTree = BUILT_PRODUCTS_DIR; };
		B24076F92A723A6C00221919 /* PrefixHeader.pch */ = {isa = PBXFileReference; lastKnownFileType = sourcecode.c.h; path = PrefixHeader.pch; sourceTree = "<group>"; };
		B24076FE2A72431700221919 /* FileSystem.cpp */ = {isa = PBXFileReference; lastKnownFileType = sourcecode.cpp.cpp; path = FileSystem.cpp; sourceTree = "<group>"; };
		B24076FF2A72431700221919 /* FileSystem.hpp */ = {isa = PBXFileReference; lastKnownFileType = sourcecode.cpp.h; path = FileSystem.hpp; sourceTree = "<group>"; };
		B24077032A72438600221919 /* Macros.h */ = {isa = PBXFileReference; lastKnownFileType = sourcecode.c.h; path = Macros.h; sourceTree = "<group>"; };
		B24077042A7244AB00221919 /* IKanHeaders.h */ = {isa = PBXFileReference; lastKnownFileType = sourcecode.c.h; path = IKanHeaders.h; sourceTree = "<group>"; };
		B24077142A72625F00221919 /* IKanEntryPoint.h */ = {isa = PBXFileReference; lastKnownFileType = sourcecode.c.h; path = IKanEntryPoint.h; sourceTree = "<group>"; };
		B24077162A72651400221919 /* Common.cpp */ = {isa = PBXFileReference; lastKnownFileType = sourcecode.cpp.cpp; path = Common.cpp; sourceTree = "<group>"; };
		B24077172A72651400221919 /* Common.hpp */ = {isa = PBXFileReference; lastKnownFileType = sourcecode.cpp.h; path = Common.hpp; sourceTree = "<group>"; };
		B240771C2A72665A00221919 /* Logger.cpp */ = {isa = PBXFileReference; lastKnownFileType = sourcecode.cpp.cpp; path = Logger.cpp; sourceTree = "<group>"; };
		B240771D2A72665A00221919 /* Logger.hpp */ = {isa = PBXFileReference; lastKnownFileType = sourcecode.cpp.h; path = Logger.hpp; sourceTree = "<group>"; };
		B2B5DE392A7272560068EEFB /* AssertAPIs.h */ = {isa = PBXFileReference; lastKnownFileType = sourcecode.c.h; path = AssertAPIs.h; sourceTree = "<group>"; };
		B2B5DE3C2A727C090068EEFB /* Timer.cpp */ = {isa = PBXFileReference; lastKnownFileType = sourcecode.cpp.cpp; path = Timer.cpp; sourceTree = "<group>"; };
		B2B5DE3D2A727C090068EEFB /* Timer.hpp */ = {isa = PBXFileReference; lastKnownFileType = sourcecode.cpp.h; path = Timer.hpp; sourceTree = "<group>"; };
/* End PBXFileReference section */

/* Begin PBXFrameworksBuildPhase section */
		B24076E32A72391000221919 /* Frameworks */ = {
			isa = PBXFrameworksBuildPhase;
			buildActionMask = 2147483647;
			files = (
				B23364832A72CC9700BC7B8B /* libGLFW.a in Frameworks */,
			);
			runOnlyForDeploymentPostprocessing = 0;
		};
/* End PBXFrameworksBuildPhase section */

/* Begin PBXGroup section */
		B21048192A72CA6A00FA8CF2 /* Platform */ = {
			isa = PBXGroup;
			children = (
				B210481B2A72CA7D00FA8CF2 /* MacOS */,
			);
			path = Platform;
			sourceTree = "<group>";
		};
		B210481B2A72CA7D00FA8CF2 /* MacOS */ = {
			isa = PBXGroup;
			children = (
				B210481C2A72CA9000FA8CF2 /* MacWindow.cpp */,
				B210481D2A72CA9000FA8CF2 /* MacWindow.hpp */,
			);
			path = MacOS;
			sourceTree = "<group>";
		};
		B21FAA332A728F3C009EED1F /* Event */ = {
			isa = PBXGroup;
			children = (
				B21FAA362A728F4D009EED1F /* Event.h */,
				B21FAA392A729056009EED1F /* ApplicationEvent.h */,
				B21FAA3B2A729078009EED1F /* KeyEvent.h */,
				B21FAA3E2A72909A009EED1F /* MouseEvent.h */,
			);
			path = Event;
			sourceTree = "<group>";
		};
		B21FAA512A729EA1009EED1F /* Vendors */ = {
			isa = PBXGroup;
			children = (
				B23364A72A72D0CC00BC7B8B /* Glad.xcodeproj */,
				B21FB3B02A729EBB009EED1F /* GLFW.xcodeproj */,
			);
			path = Vendors;
			sourceTree = "<group>";
		};
		B21FB3B12A729EBB009EED1F /* Products */ = {
			isa = PBXGroup;
			children = (
				B21FB3B52A729EBB009EED1F /* libGLFW.a */,
			);
			name = Products;
			sourceTree = "<group>";
		};
		B23364822A72CC9700BC7B8B /* Frameworks */ = {
			isa = PBXGroup;
			children = (
			);
			name = Frameworks;
			sourceTree = "<group>";
		};
		B23364842A72CE4000BC7B8B /* Renderer */ = {
			isa = PBXGroup;
			children = (
				B23364862A72CE5200BC7B8B /* Graphics */,
				B233648D2A72CE7200BC7B8B /* Renderer.hpp */,
			);
			path = Renderer;
			sourceTree = "<group>";
		};
		B23364852A72CE4700BC7B8B /* Renderer */ = {
			isa = PBXGroup;
			children = (
				B23364872A72CE5700BC7B8B /* Graphics */,
				B233648C2A72CE7200BC7B8B /* Renderer.cpp */,
			);
			path = Renderer;
			sourceTree = "<group>";
		};
		B23364862A72CE5200BC7B8B /* Graphics */ = {
			isa = PBXGroup;
			children = (
			);
			path = Graphics;
			sourceTree = "<group>";
		};
		B23364872A72CE5700BC7B8B /* Graphics */ = {
			isa = PBXGroup;
			children = (
				B23364B82A72D14800BC7B8B /* RendererContext.hpp */,
				B23364B72A72D14800BC7B8B /* RendererContext.cpp */,
			);
			path = Graphics;
			sourceTree = "<group>";
		};
		B23364A82A72D0CC00BC7B8B /* Products */ = {
			isa = PBXGroup;
			children = (
				B23364AC2A72D0CC00BC7B8B /* libGlad.a */,
			);
			name = Products;
			sourceTree = "<group>";
		};
		B24076DC2A72391000221919 = {
			isa = PBXGroup;
			children = (
				B24076F92A723A6C00221919 /* PrefixHeader.pch */,
				B24076F32A72394900221919 /* Assets */,
				B24076F42A72396300221919 /* Interface */,
				B24076F52A72396900221919 /* Implementation */,
				B21FAA512A729EA1009EED1F /* Vendors */,
				B24076E62A72391000221919 /* Products */,
				B23364822A72CC9700BC7B8B /* Frameworks */,
			);
			sourceTree = "<group>";
		};
		B24076E62A72391000221919 /* Products */ = {
			isa = PBXGroup;
			children = (
				B24076E52A72391000221919 /* libIKan.a */,
			);
			name = Products;
			sourceTree = "<group>";
		};
		B24076F32A72394900221919 /* Assets */ = {
			isa = PBXGroup;
			children = (
			);
			path = Assets;
			sourceTree = "<group>";
		};
		B24076F42A72396300221919 /* Interface */ = {
			isa = PBXGroup;
			children = (
				B24077042A7244AB00221919 /* IKanHeaders.h */,
				B24077142A72625F00221919 /* IKanEntryPoint.h */,
				B24076FC2A7242B500221919 /* Utils */,
				B240771A2A72664900221919 /* Debug */,
				B21FAA332A728F3C009EED1F /* Event */,
				B24077022A72437500221919 /* Core */,
				B23364842A72CE4000BC7B8B /* Renderer */,
			);
			path = Interface;
			sourceTree = "<group>";
		};
		B24076F52A72396900221919 /* Implementation */ = {
			isa = PBXGroup;
			children = (
				B24076FD2A72430A00221919 /* Utils */,
				B240771B2A72664D00221919 /* Debug */,
				B24077152A72650600221919 /* Core */,
				B23364852A72CE4700BC7B8B /* Renderer */,
				B21048192A72CA6A00FA8CF2 /* Platform */,
			);
			path = Implementation;
			sourceTree = "<group>";
		};
		B24076FC2A7242B500221919 /* Utils */ = {
			isa = PBXGroup;
			children = (
				B24076FF2A72431700221919 /* FileSystem.hpp */,
			);
			path = Utils;
			sourceTree = "<group>";
		};
		B24076FD2A72430A00221919 /* Utils */ = {
			isa = PBXGroup;
			children = (
				B24076FE2A72431700221919 /* FileSystem.cpp */,
			);
			path = Utils;
			sourceTree = "<group>";
		};
		B24077022A72437500221919 /* Core */ = {
			isa = PBXGroup;
			children = (
				B24077172A72651400221919 /* Common.hpp */,
				B24077032A72438600221919 /* Macros.h */,
				B2B5DE392A7272560068EEFB /* AssertAPIs.h */,
				B21FAA2F2A728EB9009EED1F /* KeyCodes.h */,
				B21FAA322A728EFC009EED1F /* MouseCodes.h */,
				B21FAA402A729256009EED1F /* TimeStep.hpp */,
				B21FAA442A7292B3009EED1F /* Buffers.hpp */,
				B21FAA482A729312009EED1F /* IKMemory.hpp */,
				B21FAA4C2A7297DA009EED1F /* Application.hpp */,
				B21048152A72A1BA00FA8CF2 /* CoreWindow.hpp */,
			);
			path = Core;
			sourceTree = "<group>";
		};
		B24077152A72650600221919 /* Core */ = {
			isa = PBXGroup;
			children = (
				B24077162A72651400221919 /* Common.cpp */,
				B21FAA432A7292B3009EED1F /* Buffers.cpp */,
				B21FAA3F2A729256009EED1F /* TimeStep.cpp */,
				B21FAA472A729312009EED1F /* IKMemory.cpp */,
				B21FAA4B2A7297DA009EED1F /* Application.cpp */,
				B21048142A72A1BA00FA8CF2 /* CoreWindow.cpp */,
			);
			path = Core;
			sourceTree = "<group>";
		};
		B240771A2A72664900221919 /* Debug */ = {
			isa = PBXGroup;
			children = (
				B240771D2A72665A00221919 /* Logger.hpp */,
				B2B5DE3D2A727C090068EEFB /* Timer.hpp */,
			);
			path = Debug;
			sourceTree = "<group>";
		};
		B240771B2A72664D00221919 /* Debug */ = {
			isa = PBXGroup;
			children = (
				B2B5DE3C2A727C090068EEFB /* Timer.cpp */,
				B240771C2A72665A00221919 /* Logger.cpp */,
			);
			path = Debug;
			sourceTree = "<group>";
		};
/* End PBXGroup section */

/* Begin PBXHeadersBuildPhase section */
		B24076E12A72391000221919 /* Headers */ = {
			isa = PBXHeadersBuildPhase;
			buildActionMask = 2147483647;
			files = (
				B24077012A72431700221919 /* FileSystem.hpp in Headers */,
				B233648F2A72CE7200BC7B8B /* Renderer.hpp in Headers */,
				B21FAA3D2A729078009EED1F /* KeyEvent.h in Headers */,
				B21FAA312A728EB9009EED1F /* KeyCodes.h in Headers */,
				B24077192A72651400221919 /* Common.hpp in Headers */,
				B23364BA2A72D14800BC7B8B /* RendererContext.hpp in Headers */,
				B240771F2A72665A00221919 /* Logger.hpp in Headers */,
				B21FAA4E2A7297DA009EED1F /* Application.hpp in Headers */,
				B21FAA4A2A729312009EED1F /* IKMemory.hpp in Headers */,
				B2B5DE3F2A727C090068EEFB /* Timer.hpp in Headers */,
				B2B5DE3B2A7272560068EEFB /* AssertAPIs.h in Headers */,
				B21FAA382A728F4D009EED1F /* Event.h in Headers */,
				B210481F2A72CA9000FA8CF2 /* MacWindow.hpp in Headers */,
				B21FAA462A7292B3009EED1F /* Buffers.hpp in Headers */,
				B21048172A72A1BA00FA8CF2 /* CoreWindow.hpp in Headers */,
				B21FAA422A729256009EED1F /* TimeStep.hpp in Headers */,
			);
			runOnlyForDeploymentPostprocessing = 0;
		};
/* End PBXHeadersBuildPhase section */

/* Begin PBXNativeTarget section */
		B24076E42A72391000221919 /* IKan */ = {
			isa = PBXNativeTarget;
			buildConfigurationList = B24076F02A72391000221919 /* Build configuration list for PBXNativeTarget "IKan" */;
			buildPhases = (
				B24076E12A72391000221919 /* Headers */,
				B24076E22A72391000221919 /* Sources */,
				B24076E32A72391000221919 /* Frameworks */,
			);
			buildRules = (
			);
			dependencies = (
			);
			name = IKan;
			productName = IKan;
			productReference = B24076E52A72391000221919 /* libIKan.a */;
			productType = "com.apple.product-type.library.static";
		};
/* End PBXNativeTarget section */

/* Begin PBXProject section */
		B24076DD2A72391000221919 /* Project object */ = {
			isa = PBXProject;
			attributes = {
				BuildIndependentTargetsInParallel = 1;
				LastUpgradeCheck = 1430;
				TargetAttributes = {
					B24076E42A72391000221919 = {
						CreatedOnToolsVersion = 14.3.1;
					};
				};
			};
			buildConfigurationList = B24076E02A72391000221919 /* Build configuration list for PBXProject "IKan" */;
			compatibilityVersion = "Xcode 14.0";
			developmentRegion = en;
			hasScannedForEncodings = 0;
			knownRegions = (
				en,
				Base,
			);
			mainGroup = B24076DC2A72391000221919;
			productRefGroup = B24076E62A72391000221919 /* Products */;
			projectDirPath = "";
			projectReferences = (
				{
					ProductGroup = B23364A82A72D0CC00BC7B8B /* Products */;
					ProjectRef = B23364A72A72D0CC00BC7B8B /* Glad.xcodeproj */;
				},
				{
					ProductGroup = B21FB3B12A729EBB009EED1F /* Products */;
					ProjectRef = B21FB3B02A729EBB009EED1F /* GLFW.xcodeproj */;
				},
			);
			projectRoot = "";
			targets = (
				B24076E42A72391000221919 /* IKan */,
			);
		};
/* End PBXProject section */

/* Begin PBXReferenceProxy section */
		B21FB3B52A729EBB009EED1F /* libGLFW.a */ = {
			isa = PBXReferenceProxy;
			fileType = archive.ar;
			path = libGLFW.a;
			remoteRef = B21FB3B42A729EBB009EED1F /* PBXContainerItemProxy */;
			sourceTree = BUILT_PRODUCTS_DIR;
		};
		B23364AC2A72D0CC00BC7B8B /* libGlad.a */ = {
			isa = PBXReferenceProxy;
			fileType = archive.ar;
			path = libGlad.a;
			remoteRef = B23364AB2A72D0CC00BC7B8B /* PBXContainerItemProxy */;
			sourceTree = BUILT_PRODUCTS_DIR;
		};
/* End PBXReferenceProxy section */

/* Begin PBXSourcesBuildPhase section */
		B24076E22A72391000221919 /* Sources */ = {
			isa = PBXSourcesBuildPhase;
			buildActionMask = 2147483647;
			files = (
				B24077182A72651400221919 /* Common.cpp in Sources */,
				B240771E2A72665A00221919 /* Logger.cpp in Sources */,
				B24077002A72431700221919 /* FileSystem.cpp in Sources */,
				B21FAA492A729312009EED1F /* IKMemory.cpp in Sources */,
				B233648E2A72CE7200BC7B8B /* Renderer.cpp in Sources */,
				B21048162A72A1BA00FA8CF2 /* CoreWindow.cpp in Sources */,
				B210481E2A72CA9000FA8CF2 /* MacWindow.cpp in Sources */,
				B21FAA4D2A7297DA009EED1F /* Application.cpp in Sources */,
				B23364B92A72D14800BC7B8B /* RendererContext.cpp in Sources */,
				B21FAA412A729256009EED1F /* TimeStep.cpp in Sources */,
				B2B5DE3E2A727C090068EEFB /* Timer.cpp in Sources */,
				B21FAA452A7292B3009EED1F /* Buffers.cpp in Sources */,
			);
			runOnlyForDeploymentPostprocessing = 0;
		};
/* End PBXSourcesBuildPhase section */

/* Begin XCBuildConfiguration section */
		B24076EE2A72391000221919 /* Debug */ = {
			isa = XCBuildConfiguration;
			buildSettings = {
				ALWAYS_SEARCH_USER_PATHS = NO;
				CLANG_ANALYZER_NONNULL = YES;
				CLANG_ANALYZER_NUMBER_OBJECT_CONVERSION = YES_AGGRESSIVE;
				CLANG_CXX_LANGUAGE_STANDARD = "c++17";
				CLANG_ENABLE_MODULES = YES;
				CLANG_ENABLE_OBJC_ARC = YES;
				CLANG_ENABLE_OBJC_WEAK = YES;
				CLANG_WARN_BLOCK_CAPTURE_AUTORELEASING = YES;
				CLANG_WARN_BOOL_CONVERSION = YES;
				CLANG_WARN_COMMA = YES;
				CLANG_WARN_CONSTANT_CONVERSION = YES;
				CLANG_WARN_DEPRECATED_OBJC_IMPLEMENTATIONS = YES;
				CLANG_WARN_DIRECT_OBJC_ISA_USAGE = YES_ERROR;
				CLANG_WARN_DOCUMENTATION_COMMENTS = YES;
				CLANG_WARN_EMPTY_BODY = YES;
				CLANG_WARN_ENUM_CONVERSION = YES;
				CLANG_WARN_INFINITE_RECURSION = YES;
				CLANG_WARN_INT_CONVERSION = YES;
				CLANG_WARN_NON_LITERAL_NULL_CONVERSION = YES;
				CLANG_WARN_OBJC_IMPLICIT_RETAIN_SELF = YES;
				CLANG_WARN_OBJC_LITERAL_CONVERSION = YES;
				CLANG_WARN_OBJC_ROOT_CLASS = YES_ERROR;
				CLANG_WARN_QUOTED_INCLUDE_IN_FRAMEWORK_HEADER = YES;
				CLANG_WARN_RANGE_LOOP_ANALYSIS = YES;
				CLANG_WARN_STRICT_PROTOTYPES = YES;
				CLANG_WARN_SUSPICIOUS_MOVE = YES;
				CLANG_WARN_UNGUARDED_AVAILABILITY = YES_AGGRESSIVE;
				CLANG_WARN_UNREACHABLE_CODE = YES;
				CLANG_WARN__DUPLICATE_METHOD_MATCH = YES;
				COPY_PHASE_STRIP = NO;
				DEBUG_INFORMATION_FORMAT = dwarf;
				ENABLE_STRICT_OBJC_MSGSEND = YES;
				ENABLE_TESTABILITY = YES;
				GCC_C_LANGUAGE_STANDARD = gnu11;
				GCC_DYNAMIC_NO_PIC = NO;
				GCC_NO_COMMON_BLOCKS = YES;
				GCC_OPTIMIZATION_LEVEL = 0;
				GCC_PRECOMPILE_PREFIX_HEADER = YES;
				GCC_PREFIX_HEADER = "${PROJECT_DIR}/PrefixHeader.pch";
				GCC_PREPROCESSOR_DEFINITIONS = (
					"DEBUG=1",
					"$(inherited)",
					IK_ENABLE_LOG,
				);
				GCC_WARN_64_TO_32_BIT_CONVERSION = YES;
				GCC_WARN_ABOUT_RETURN_TYPE = YES_ERROR;
				GCC_WARN_UNDECLARED_SELECTOR = YES;
				GCC_WARN_UNINITIALIZED_AUTOS = YES_AGGRESSIVE;
				GCC_WARN_UNUSED_FUNCTION = YES;
				GCC_WARN_UNUSED_VARIABLE = YES;
				HEADER_SEARCH_PATHS = (
					"${PROJECT_DIR}/implementation",
					"${PROJECT_DIR}/interface",
					"${PROJECT_DIR}/Vendors/SpdLog/include",
					"${PROJECT_DIR}/Vendors/Glm",
					"${PROJECT_DIR}/Vendors/GLFW/GLFW/include",
				);
				MACOSX_DEPLOYMENT_TARGET = 13.3;
				MTL_ENABLE_DEBUG_INFO = INCLUDE_SOURCE;
				MTL_FAST_MATH = YES;
				ONLY_ACTIVE_ARCH = YES;
				SDKROOT = macosx;
			};
			name = Debug;
		};
		B24076EF2A72391000221919 /* Release */ = {
			isa = XCBuildConfiguration;
			buildSettings = {
				ALWAYS_SEARCH_USER_PATHS = NO;
				CLANG_ANALYZER_NONNULL = YES;
				CLANG_ANALYZER_NUMBER_OBJECT_CONVERSION = YES_AGGRESSIVE;
				CLANG_CXX_LANGUAGE_STANDARD = "c++17";
				CLANG_ENABLE_MODULES = YES;
				CLANG_ENABLE_OBJC_ARC = YES;
				CLANG_ENABLE_OBJC_WEAK = YES;
				CLANG_WARN_BLOCK_CAPTURE_AUTORELEASING = YES;
				CLANG_WARN_BOOL_CONVERSION = YES;
				CLANG_WARN_COMMA = YES;
				CLANG_WARN_CONSTANT_CONVERSION = YES;
				CLANG_WARN_DEPRECATED_OBJC_IMPLEMENTATIONS = YES;
				CLANG_WARN_DIRECT_OBJC_ISA_USAGE = YES_ERROR;
				CLANG_WARN_DOCUMENTATION_COMMENTS = YES;
				CLANG_WARN_EMPTY_BODY = YES;
				CLANG_WARN_ENUM_CONVERSION = YES;
				CLANG_WARN_INFINITE_RECURSION = YES;
				CLANG_WARN_INT_CONVERSION = YES;
				CLANG_WARN_NON_LITERAL_NULL_CONVERSION = YES;
				CLANG_WARN_OBJC_IMPLICIT_RETAIN_SELF = YES;
				CLANG_WARN_OBJC_LITERAL_CONVERSION = YES;
				CLANG_WARN_OBJC_ROOT_CLASS = YES_ERROR;
				CLANG_WARN_QUOTED_INCLUDE_IN_FRAMEWORK_HEADER = YES;
				CLANG_WARN_RANGE_LOOP_ANALYSIS = YES;
				CLANG_WARN_STRICT_PROTOTYPES = YES;
				CLANG_WARN_SUSPICIOUS_MOVE = YES;
				CLANG_WARN_UNGUARDED_AVAILABILITY = YES_AGGRESSIVE;
				CLANG_WARN_UNREACHABLE_CODE = YES;
				CLANG_WARN__DUPLICATE_METHOD_MATCH = YES;
				COPY_PHASE_STRIP = NO;
				DEBUG_INFORMATION_FORMAT = "dwarf-with-dsym";
				ENABLE_NS_ASSERTIONS = NO;
				ENABLE_STRICT_OBJC_MSGSEND = YES;
				GCC_C_LANGUAGE_STANDARD = gnu11;
				GCC_NO_COMMON_BLOCKS = YES;
				GCC_PRECOMPILE_PREFIX_HEADER = YES;
				GCC_PREFIX_HEADER = "${PROJECT_DIR}/PrefixHeader.pch";
				GCC_WARN_64_TO_32_BIT_CONVERSION = YES;
				GCC_WARN_ABOUT_RETURN_TYPE = YES_ERROR;
				GCC_WARN_UNDECLARED_SELECTOR = YES;
				GCC_WARN_UNINITIALIZED_AUTOS = YES_AGGRESSIVE;
				GCC_WARN_UNUSED_FUNCTION = YES;
				GCC_WARN_UNUSED_VARIABLE = YES;
				HEADER_SEARCH_PATHS = (
					"${PROJECT_DIR}/implementation",
					"${PROJECT_DIR}/interface",
					"${PROJECT_DIR}/Vendors/SpdLog/include",
					"${PROJECT_DIR}/Vendors/Glm",
					"${PROJECT_DIR}/Vendors/GLFW/GLFW/include",
				);
				MACOSX_DEPLOYMENT_TARGET = 13.3;
				MTL_ENABLE_DEBUG_INFO = NO;
				MTL_FAST_MATH = YES;
				ONLY_ACTIVE_ARCH = YES;
				SDKROOT = macosx;
			};
			name = Release;
		};
		B24076F12A72391000221919 /* Debug */ = {
			isa = XCBuildConfiguration;
			buildSettings = {
				CODE_SIGN_STYLE = Automatic;
				DEVELOPMENT_TEAM = 78KTXZ99TW;
				EXECUTABLE_PREFIX = lib;
				GCC_ENABLE_CPP_EXCEPTIONS = YES;
				GCC_ENABLE_CPP_RTTI = YES;
				HEADER_SEARCH_PATHS = (
					"${PROJECT_DIR}/implementation",
					"${PROJECT_DIR}/interface",
					"${PROJECT_DIR}/Vendors/SpdLog/include",
					"${PROJECT_DIR}/Vendors/Glm",
					"${PROJECT_DIR}/Vendors/GLFW/GLFW/include",
					"${PROJECT_DIR}/Vendors/Glad/include",
				);
				PRODUCT_NAME = "$(TARGET_NAME)";
				SKIP_INSTALL = YES;
			};
			name = Debug;
		};
		B24076F22A72391000221919 /* Release */ = {
			isa = XCBuildConfiguration;
			buildSettings = {
				CODE_SIGN_STYLE = Automatic;
				DEVELOPMENT_TEAM = 78KTXZ99TW;
				EXECUTABLE_PREFIX = lib;
				GCC_ENABLE_CPP_EXCEPTIONS = YES;
				GCC_ENABLE_CPP_RTTI = YES;
				HEADER_SEARCH_PATHS = (
					"${PROJECT_DIR}/implementation",
					"${PROJECT_DIR}/interface",
					"${PROJECT_DIR}/Vendors/SpdLog/include",
					"${PROJECT_DIR}/Vendors/Glm",
					"${PROJECT_DIR}/Vendors/GLFW/GLFW/include",
					"${PROJECT_DIR}/Vendors/Glad/include",
				);
				PRODUCT_NAME = "$(TARGET_NAME)";
				SKIP_INSTALL = YES;
			};
			name = Release;
		};
/* End XCBuildConfiguration section */

/* Begin XCConfigurationList section */
		B24076E02A72391000221919 /* Build configuration list for PBXProject "IKan" */ = {
			isa = XCConfigurationList;
			buildConfigurations = (
				B24076EE2A72391000221919 /* Debug */,
				B24076EF2A72391000221919 /* Release */,
			);
			defaultConfigurationIsVisible = 0;
			defaultConfigurationName = Release;
		};
		B24076F02A72391000221919 /* Build configuration list for PBXNativeTarget "IKan" */ = {
			isa = XCConfigurationList;
			buildConfigurations = (
				B24076F12A72391000221919 /* Debug */,
				B24076F22A72391000221919 /* Release */,
			);
			defaultConfigurationIsVisible = 0;
			defaultConfigurationName = Release;
		};
/* End XCConfigurationList section */
	};
	rootObject = B24076DD2A72391000221919 /* Project object */;
}
