// !$*UTF8*$!
{
	archiveVersion = 1;
	classes = {
	};
	objectVersion = 56;
	objects = {

/* Begin PBXBuildFile section */
		B2ED5C9E2B723F85007A7F36 /* Application.cpp in Sources */ = {isa = PBXBuildFile; fileRef = B2ED5C9C2B723F85007A7F36 /* Application.cpp */; };
		B2ED5C9F2B723F85007A7F36 /* Application.hpp in Headers */ = {isa = PBXBuildFile; fileRef = B2ED5C9D2B723F85007A7F36 /* Application.hpp */; };
		B2ED5CB12B724AAC007A7F36 /* Logger.cpp in Sources */ = {isa = PBXBuildFile; fileRef = B2ED5CAF2B724AAC007A7F36 /* Logger.cpp */; };
		B2ED5CB22B724AAC007A7F36 /* Logger.hpp in Headers */ = {isa = PBXBuildFile; fileRef = B2ED5CB02B724AAC007A7F36 /* Logger.hpp */; };
		B2ED5CB82B724B39007A7F36 /* Configurations.h in Headers */ = {isa = PBXBuildFile; fileRef = B2ED5CB62B724B39007A7F36 /* Configurations.h */; };
		B2ED5CBC2B724B7F007A7F36 /* PrefixHeader.pch in Headers */ = {isa = PBXBuildFile; fileRef = B2ED5CBB2B724B7F007A7F36 /* PrefixHeader.pch */; };
		B2ED5CC02B724D1D007A7F36 /* IKHeaders.h in Headers */ = {isa = PBXBuildFile; fileRef = B2ED5CBF2B724D1D007A7F36 /* IKHeaders.h */; };
		B2ED5CC42B7265F0007A7F36 /* LoggerBuilder.cpp in Sources */ = {isa = PBXBuildFile; fileRef = B2ED5CC22B7265F0007A7F36 /* LoggerBuilder.cpp */; };
		B2ED5CC52B7265F0007A7F36 /* LoggerBuilder.hpp in Headers */ = {isa = PBXBuildFile; fileRef = B2ED5CC32B7265F0007A7F36 /* LoggerBuilder.hpp */; };
		B2ED5CC92B7346AC007A7F36 /* Timer.cpp in Sources */ = {isa = PBXBuildFile; fileRef = B2ED5CC72B7346AC007A7F36 /* Timer.cpp */; };
		B2ED5CCA2B7346AC007A7F36 /* Timer.hpp in Headers */ = {isa = PBXBuildFile; fileRef = B2ED5CC82B7346AC007A7F36 /* Timer.hpp */; };
		B2ED5CCE2B736963007A7F36 /* TimeStep.cpp in Sources */ = {isa = PBXBuildFile; fileRef = B2ED5CCC2B736963007A7F36 /* TimeStep.cpp */; };
		B2ED5CCF2B736963007A7F36 /* TimeStep.hpp in Headers */ = {isa = PBXBuildFile; fileRef = B2ED5CCD2B736963007A7F36 /* TimeStep.hpp */; };
		B2ED5E0B2B736AAE007A7F36 /* libGLFW.a in Frameworks */ = {isa = PBXBuildFile; fileRef = B2ED5CEC2B736A50007A7F36 /* libGLFW.a */; };
		B2ED5E112B7370DA007A7F36 /* Event.h in Headers */ = {isa = PBXBuildFile; fileRef = B2ED5E0D2B7370DA007A7F36 /* Event.h */; };
		B2ED5E122B7370DA007A7F36 /* KeyEvent.h in Headers */ = {isa = PBXBuildFile; fileRef = B2ED5E0E2B7370DA007A7F36 /* KeyEvent.h */; };
		B2ED5E132B7370DA007A7F36 /* ApplicationEvent.h in Headers */ = {isa = PBXBuildFile; fileRef = B2ED5E0F2B7370DA007A7F36 /* ApplicationEvent.h */; };
		B2ED5E142B7370DA007A7F36 /* MouseEvent.h in Headers */ = {isa = PBXBuildFile; fileRef = B2ED5E102B7370DA007A7F36 /* MouseEvent.h */; };
		B2ED5E1D2B738C58007A7F36 /* ApplicationImpl.cpp in Sources */ = {isa = PBXBuildFile; fileRef = B2ED5E1B2B738C58007A7F36 /* ApplicationImpl.cpp */; };
		B2ED5E1E2B738C58007A7F36 /* ApplicationImpl.hpp in Headers */ = {isa = PBXBuildFile; fileRef = B2ED5E1C2B738C58007A7F36 /* ApplicationImpl.hpp */; };
		B2ED5E222B738FE5007A7F36 /* Layer.hpp in Headers */ = {isa = PBXBuildFile; fileRef = B2ED5E202B738FE5007A7F36 /* Layer.hpp */; };
		B2ED5E272B7397A5007A7F36 /* LayerStack.cpp in Sources */ = {isa = PBXBuildFile; fileRef = B2ED5E252B7397A5007A7F36 /* LayerStack.cpp */; };
		B2ED5E282B7397A5007A7F36 /* LayerStack.hpp in Headers */ = {isa = PBXBuildFile; fileRef = B2ED5E262B7397A5007A7F36 /* LayerStack.hpp */; };
		B2ED5E2C2B73A5C4007A7F36 /* Window.cpp in Sources */ = {isa = PBXBuildFile; fileRef = B2ED5E2A2B73A5C4007A7F36 /* Window.cpp */; };
		B2ED5E2D2B73A5C4007A7F36 /* Window.hpp in Headers */ = {isa = PBXBuildFile; fileRef = B2ED5E2B2B73A5C4007A7F36 /* Window.hpp */; };
		B2ED5E342B73A811007A7F36 /* MacWindow.cpp in Sources */ = {isa = PBXBuildFile; fileRef = B2ED5E322B73A811007A7F36 /* MacWindow.cpp */; };
		B2ED5E352B73A811007A7F36 /* MacWindow.hpp in Headers */ = {isa = PBXBuildFile; fileRef = B2ED5E332B73A811007A7F36 /* MacWindow.hpp */; };
		B2ED5E422B748AFB007A7F36 /* Renderer.cpp in Sources */ = {isa = PBXBuildFile; fileRef = B2ED5E402B748AFB007A7F36 /* Renderer.cpp */; };
		B2ED5E432B748AFB007A7F36 /* Renderer.hpp in Headers */ = {isa = PBXBuildFile; fileRef = B2ED5E412B748AFB007A7F36 /* Renderer.hpp */; };
		B2ED5E4A2B749053007A7F36 /* RendererContext.hpp in Headers */ = {isa = PBXBuildFile; fileRef = B2ED5E482B749053007A7F36 /* RendererContext.hpp */; };
		B2ED5E4F2B749090007A7F36 /* Specifications.h in Headers */ = {isa = PBXBuildFile; fileRef = B2ED5E4D2B749090007A7F36 /* Specifications.h */; };
		B2ED5E532B749097007A7F36 /* Factories.hpp in Headers */ = {isa = PBXBuildFile; fileRef = B2ED5E512B749097007A7F36 /* Factories.hpp */; };
		B2ED5E552B74911C007A7F36 /* Factories.cpp in Sources */ = {isa = PBXBuildFile; fileRef = B2ED5E542B74911C007A7F36 /* Factories.cpp */; };
		B2ED5E592B74914F007A7F36 /* OpenGLRendererContext.cpp in Sources */ = {isa = PBXBuildFile; fileRef = B2ED5E572B74914F007A7F36 /* OpenGLRendererContext.cpp */; };
		B2ED5E5A2B74914F007A7F36 /* OpenGLRendererContext.hpp in Headers */ = {isa = PBXBuildFile; fileRef = B2ED5E582B74914F007A7F36 /* OpenGLRendererContext.hpp */; };
		B2ED5E852B7496ED007A7F36 /* libGlad.a in Frameworks */ = {isa = PBXBuildFile; fileRef = B2ED5E842B7496ED007A7F36 /* libGlad.a */; };
/* End PBXBuildFile section */

/* Begin PBXContainerItemProxy section */
		B2ED5CEB2B736A50007A7F36 /* PBXContainerItemProxy */ = {
			isa = PBXContainerItemProxy;
			containerPortal = B2ED5CE72B736A50007A7F36 /* GLFW.xcodeproj */;
			proxyType = 2;
			remoteGlobalIDString = B2ED5CD92B736A50007A7F36;
			remoteInfo = GLFW;
		};
/* End PBXContainerItemProxy section */

/* Begin PBXFileReference section */
		B2ED5C862B723F31007A7F36 /* libIKan.a */ = {isa = PBXFileReference; explicitFileType = archive.ar; includeInIndex = 0; path = libIKan.a; sourceTree = BUILT_PRODUCTS_DIR; };
		B2ED5C9C2B723F85007A7F36 /* Application.cpp */ = {isa = PBXFileReference; lastKnownFileType = sourcecode.cpp.cpp; path = Application.cpp; sourceTree = "<group>"; };
		B2ED5C9D2B723F85007A7F36 /* Application.hpp */ = {isa = PBXFileReference; lastKnownFileType = sourcecode.cpp.h; path = Application.hpp; sourceTree = "<group>"; };
		B2ED5CAF2B724AAC007A7F36 /* Logger.cpp */ = {isa = PBXFileReference; lastKnownFileType = sourcecode.cpp.cpp; path = Logger.cpp; sourceTree = "<group>"; };
		B2ED5CB02B724AAC007A7F36 /* Logger.hpp */ = {isa = PBXFileReference; lastKnownFileType = sourcecode.cpp.h; path = Logger.hpp; sourceTree = "<group>"; };
		B2ED5CB62B724B39007A7F36 /* Configurations.h */ = {isa = PBXFileReference; lastKnownFileType = sourcecode.c.h; path = Configurations.h; sourceTree = "<group>"; };
		B2ED5CBB2B724B7F007A7F36 /* PrefixHeader.pch */ = {isa = PBXFileReference; lastKnownFileType = sourcecode.c.h; path = PrefixHeader.pch; sourceTree = "<group>"; };
		B2ED5CBF2B724D1D007A7F36 /* IKHeaders.h */ = {isa = PBXFileReference; fileEncoding = 4; lastKnownFileType = sourcecode.c.h; path = IKHeaders.h; sourceTree = "<group>"; };
		B2ED5CC22B7265F0007A7F36 /* LoggerBuilder.cpp */ = {isa = PBXFileReference; lastKnownFileType = sourcecode.cpp.cpp; path = LoggerBuilder.cpp; sourceTree = "<group>"; };
		B2ED5CC32B7265F0007A7F36 /* LoggerBuilder.hpp */ = {isa = PBXFileReference; lastKnownFileType = sourcecode.cpp.h; path = LoggerBuilder.hpp; sourceTree = "<group>"; };
		B2ED5CC62B733F58007A7F36 /* LoggerAPI.h */ = {isa = PBXFileReference; lastKnownFileType = sourcecode.c.h; path = LoggerAPI.h; sourceTree = "<group>"; };
		B2ED5CC72B7346AC007A7F36 /* Timer.cpp */ = {isa = PBXFileReference; lastKnownFileType = sourcecode.cpp.cpp; path = Timer.cpp; sourceTree = "<group>"; };
		B2ED5CC82B7346AC007A7F36 /* Timer.hpp */ = {isa = PBXFileReference; lastKnownFileType = sourcecode.cpp.h; path = Timer.hpp; sourceTree = "<group>"; };
		B2ED5CCB2B734A94007A7F36 /* AssertAPI.h */ = {isa = PBXFileReference; lastKnownFileType = sourcecode.c.h; path = AssertAPI.h; sourceTree = "<group>"; };
		B2ED5CCC2B736963007A7F36 /* TimeStep.cpp */ = {isa = PBXFileReference; lastKnownFileType = sourcecode.cpp.cpp; path = TimeStep.cpp; sourceTree = "<group>"; };
		B2ED5CCD2B736963007A7F36 /* TimeStep.hpp */ = {isa = PBXFileReference; lastKnownFileType = sourcecode.cpp.h; path = TimeStep.hpp; sourceTree = "<group>"; };
		B2ED5CE72B736A50007A7F36 /* GLFW.xcodeproj */ = {isa = PBXFileReference; lastKnownFileType = "wrapper.pb-project"; name = GLFW.xcodeproj; path = GLFW/GLFW.xcodeproj; sourceTree = "<group>"; };
		B2ED5E0D2B7370DA007A7F36 /* Event.h */ = {isa = PBXFileReference; fileEncoding = 4; lastKnownFileType = sourcecode.c.h; path = Event.h; sourceTree = "<group>"; };
		B2ED5E0E2B7370DA007A7F36 /* KeyEvent.h */ = {isa = PBXFileReference; fileEncoding = 4; lastKnownFileType = sourcecode.c.h; path = KeyEvent.h; sourceTree = "<group>"; };
		B2ED5E0F2B7370DA007A7F36 /* ApplicationEvent.h */ = {isa = PBXFileReference; fileEncoding = 4; lastKnownFileType = sourcecode.c.h; path = ApplicationEvent.h; sourceTree = "<group>"; };
		B2ED5E102B7370DA007A7F36 /* MouseEvent.h */ = {isa = PBXFileReference; fileEncoding = 4; lastKnownFileType = sourcecode.c.h; path = MouseEvent.h; sourceTree = "<group>"; };
		B2ED5E152B737147007A7F36 /* KeyCodes.h */ = {isa = PBXFileReference; lastKnownFileType = sourcecode.c.h; path = KeyCodes.h; sourceTree = "<group>"; };
		B2ED5E162B73716E007A7F36 /* MouseCodes.h */ = {isa = PBXFileReference; lastKnownFileType = sourcecode.c.h; path = MouseCodes.h; sourceTree = "<group>"; };
		B2ED5E172B7385D5007A7F36 /* DesignHelper.h */ = {isa = PBXFileReference; lastKnownFileType = sourcecode.c.h; path = DesignHelper.h; sourceTree = "<group>"; };
		B2ED5E1B2B738C58007A7F36 /* ApplicationImpl.cpp */ = {isa = PBXFileReference; lastKnownFileType = sourcecode.cpp.cpp; path = ApplicationImpl.cpp; sourceTree = "<group>"; };
		B2ED5E1C2B738C58007A7F36 /* ApplicationImpl.hpp */ = {isa = PBXFileReference; lastKnownFileType = sourcecode.cpp.h; path = ApplicationImpl.hpp; sourceTree = "<group>"; };
		B2ED5E202B738FE5007A7F36 /* Layer.hpp */ = {isa = PBXFileReference; lastKnownFileType = sourcecode.cpp.h; path = Layer.hpp; sourceTree = "<group>"; };
		B2ED5E252B7397A5007A7F36 /* LayerStack.cpp */ = {isa = PBXFileReference; lastKnownFileType = sourcecode.cpp.cpp; path = LayerStack.cpp; sourceTree = "<group>"; };
		B2ED5E262B7397A5007A7F36 /* LayerStack.hpp */ = {isa = PBXFileReference; lastKnownFileType = sourcecode.cpp.h; path = LayerStack.hpp; sourceTree = "<group>"; };
		B2ED5E2A2B73A5C4007A7F36 /* Window.cpp */ = {isa = PBXFileReference; lastKnownFileType = sourcecode.cpp.cpp; path = Window.cpp; sourceTree = "<group>"; };
		B2ED5E2B2B73A5C4007A7F36 /* Window.hpp */ = {isa = PBXFileReference; lastKnownFileType = sourcecode.cpp.h; path = Window.hpp; sourceTree = "<group>"; };
		B2ED5E322B73A811007A7F36 /* MacWindow.cpp */ = {isa = PBXFileReference; lastKnownFileType = sourcecode.cpp.cpp; path = MacWindow.cpp; sourceTree = "<group>"; };
		B2ED5E332B73A811007A7F36 /* MacWindow.hpp */ = {isa = PBXFileReference; lastKnownFileType = sourcecode.cpp.h; path = MacWindow.hpp; sourceTree = "<group>"; };
		B2ED5E402B748AFB007A7F36 /* Renderer.cpp */ = {isa = PBXFileReference; lastKnownFileType = sourcecode.cpp.cpp; path = Renderer.cpp; sourceTree = "<group>"; };
		B2ED5E412B748AFB007A7F36 /* Renderer.hpp */ = {isa = PBXFileReference; lastKnownFileType = sourcecode.cpp.h; path = Renderer.hpp; sourceTree = "<group>"; };
		B2ED5E482B749053007A7F36 /* RendererContext.hpp */ = {isa = PBXFileReference; lastKnownFileType = sourcecode.cpp.h; path = RendererContext.hpp; sourceTree = "<group>"; };
		B2ED5E4D2B749090007A7F36 /* Specifications.h */ = {isa = PBXFileReference; lastKnownFileType = sourcecode.c.h; path = Specifications.h; sourceTree = "<group>"; };
		B2ED5E512B749097007A7F36 /* Factories.hpp */ = {isa = PBXFileReference; lastKnownFileType = sourcecode.cpp.h; path = Factories.hpp; sourceTree = "<group>"; };
		B2ED5E542B74911C007A7F36 /* Factories.cpp */ = {isa = PBXFileReference; lastKnownFileType = sourcecode.cpp.cpp; path = Factories.cpp; sourceTree = "<group>"; };
		B2ED5E572B74914F007A7F36 /* OpenGLRendererContext.cpp */ = {isa = PBXFileReference; lastKnownFileType = sourcecode.cpp.cpp; path = OpenGLRendererContext.cpp; sourceTree = "<group>"; };
		B2ED5E582B74914F007A7F36 /* OpenGLRendererContext.hpp */ = {isa = PBXFileReference; lastKnownFileType = sourcecode.cpp.h; path = OpenGLRendererContext.hpp; sourceTree = "<group>"; };
		B2ED5E742B7496AE007A7F36 /* Glad.xcodeproj */ = {isa = PBXFileReference; lastKnownFileType = "wrapper.pb-project"; name = Glad.xcodeproj; path = Glad/Glad.xcodeproj; sourceTree = "<group>"; };
		B2ED5E842B7496ED007A7F36 /* libGlad.a */ = {isa = PBXFileReference; explicitFileType = archive.ar; path = libGlad.a; sourceTree = BUILT_PRODUCTS_DIR; };
/* End PBXFileReference section */

/* Begin PBXFrameworksBuildPhase section */
		B2ED5C842B723F31007A7F36 /* Frameworks */ = {
			isa = PBXFrameworksBuildPhase;
			buildActionMask = 2147483647;
			files = (
				B2ED5E852B7496ED007A7F36 /* libGlad.a in Frameworks */,
				B2ED5E0B2B736AAE007A7F36 /* libGLFW.a in Frameworks */,
			);
			runOnlyForDeploymentPostprocessing = 0;
		};
/* End PBXFrameworksBuildPhase section */

/* Begin PBXGroup section */
		B2ED5C7D2B723F31007A7F36 = {
			isa = PBXGroup;
			children = (
				B2ED5CBB2B724B7F007A7F36 /* PrefixHeader.pch */,
				B2ED5C962B723F52007A7F36 /* Assets */,
				B2ED5C942B723F48007A7F36 /* Interface */,
				B2ED5C952B723F4D007A7F36 /* Implementation */,
				B2ED5CAC2B724986007A7F36 /* Vendors */,
				B2ED5C872B723F31007A7F36 /* Products */,
				B2ED5E0A2B736AAE007A7F36 /* Frameworks */,
			);
			sourceTree = "<group>";
		};
		B2ED5C872B723F31007A7F36 /* Products */ = {
			isa = PBXGroup;
			children = (
				B2ED5C862B723F31007A7F36 /* libIKan.a */,
			);
			name = Products;
			sourceTree = "<group>";
		};
		B2ED5C942B723F48007A7F36 /* Interface */ = {
			isa = PBXGroup;
			children = (
				B2ED5CBF2B724D1D007A7F36 /* IKHeaders.h */,
				B2ED5CB32B724B02007A7F36 /* Base */,
				B2ED5CAD2B724A8D007A7F36 /* Debug */,
				B2ED5E0C2B7370DA007A7F36 /* Event */,
				B2ED5C9B2B723F7D007A7F36 /* Core */,
				B2ED5E3D2B748AE0007A7F36 /* Renderer */,
			);
			path = Interface;
			sourceTree = "<group>";
		};
		B2ED5C952B723F4D007A7F36 /* Implementation */ = {
			isa = PBXGroup;
			children = (
				B2ED5CB42B724B2D007A7F36 /* Base */,
				B2ED5CAE2B724A94007A7F36 /* Debug */,
				B2ED5CA02B723F89007A7F36 /* Core */,
				B2ED5E3F2B748AEA007A7F36 /* Renderer */,
				B2ED5E302B73A800007A7F36 /* Platform */,
			);
			path = Implementation;
			sourceTree = "<group>";
		};
		B2ED5C962B723F52007A7F36 /* Assets */ = {
			isa = PBXGroup;
			children = (
			);
			path = Assets;
			sourceTree = "<group>";
		};
		B2ED5C9B2B723F7D007A7F36 /* Core */ = {
			isa = PBXGroup;
			children = (
				B2ED5CCB2B734A94007A7F36 /* AssertAPI.h */,
				B2ED5CCD2B736963007A7F36 /* TimeStep.hpp */,
				B2ED5C9D2B723F85007A7F36 /* Application.hpp */,
				B2ED5E152B737147007A7F36 /* KeyCodes.h */,
				B2ED5E162B73716E007A7F36 /* MouseCodes.h */,
				B2ED5E202B738FE5007A7F36 /* Layer.hpp */,
				B2ED5E262B7397A5007A7F36 /* LayerStack.hpp */,
				B2ED5E2B2B73A5C4007A7F36 /* Window.hpp */,
			);
			path = Core;
			sourceTree = "<group>";
		};
		B2ED5CA02B723F89007A7F36 /* Core */ = {
			isa = PBXGroup;
			children = (
				B2ED5CCC2B736963007A7F36 /* TimeStep.cpp */,
				B2ED5C9C2B723F85007A7F36 /* Application.cpp */,
				B2ED5E1B2B738C58007A7F36 /* ApplicationImpl.cpp */,
				B2ED5E1C2B738C58007A7F36 /* ApplicationImpl.hpp */,
				B2ED5E252B7397A5007A7F36 /* LayerStack.cpp */,
				B2ED5E2A2B73A5C4007A7F36 /* Window.cpp */,
			);
			path = Core;
			sourceTree = "<group>";
		};
		B2ED5CAC2B724986007A7F36 /* Vendors */ = {
			isa = PBXGroup;
			children = (
				B2ED5CE72B736A50007A7F36 /* GLFW.xcodeproj */,
				B2ED5E742B7496AE007A7F36 /* Glad.xcodeproj */,
			);
			path = Vendors;
			sourceTree = "<group>";
		};
		B2ED5CAD2B724A8D007A7F36 /* Debug */ = {
			isa = PBXGroup;
			children = (
				B2ED5CB02B724AAC007A7F36 /* Logger.hpp */,
				B2ED5CC32B7265F0007A7F36 /* LoggerBuilder.hpp */,
				B2ED5CC62B733F58007A7F36 /* LoggerAPI.h */,
				B2ED5CC82B7346AC007A7F36 /* Timer.hpp */,
			);
			path = Debug;
			sourceTree = "<group>";
		};
		B2ED5CAE2B724A94007A7F36 /* Debug */ = {
			isa = PBXGroup;
			children = (
				B2ED5CAF2B724AAC007A7F36 /* Logger.cpp */,
				B2ED5CC22B7265F0007A7F36 /* LoggerBuilder.cpp */,
				B2ED5CC72B7346AC007A7F36 /* Timer.cpp */,
			);
			path = Debug;
			sourceTree = "<group>";
		};
		B2ED5CB32B724B02007A7F36 /* Base */ = {
			isa = PBXGroup;
			children = (
				B2ED5CB62B724B39007A7F36 /* Configurations.h */,
				B2ED5E172B7385D5007A7F36 /* DesignHelper.h */,
			);
			path = Base;
			sourceTree = "<group>";
		};
		B2ED5CB42B724B2D007A7F36 /* Base */ = {
			isa = PBXGroup;
			children = (
			);
			path = Base;
			sourceTree = "<group>";
		};
		B2ED5CE82B736A50007A7F36 /* Products */ = {
			isa = PBXGroup;
			children = (
				B2ED5CEC2B736A50007A7F36 /* libGLFW.a */,
			);
			name = Products;
			sourceTree = "<group>";
		};
		B2ED5E0A2B736AAE007A7F36 /* Frameworks */ = {
			isa = PBXGroup;
			children = (
				B2ED5E842B7496ED007A7F36 /* libGlad.a */,
			);
			name = Frameworks;
			sourceTree = "<group>";
		};
		B2ED5E0C2B7370DA007A7F36 /* Event */ = {
			isa = PBXGroup;
			children = (
				B2ED5E0D2B7370DA007A7F36 /* Event.h */,
				B2ED5E0E2B7370DA007A7F36 /* KeyEvent.h */,
				B2ED5E0F2B7370DA007A7F36 /* ApplicationEvent.h */,
				B2ED5E102B7370DA007A7F36 /* MouseEvent.h */,
			);
			path = Event;
			sourceTree = "<group>";
		};
		B2ED5E302B73A800007A7F36 /* Platform */ = {
			isa = PBXGroup;
			children = (
				B2ED5E562B749143007A7F36 /* OpenGL */,
				B2ED5E312B73A807007A7F36 /* MacOS */,
			);
			path = Platform;
			sourceTree = "<group>";
		};
		B2ED5E312B73A807007A7F36 /* MacOS */ = {
			isa = PBXGroup;
			children = (
				B2ED5E322B73A811007A7F36 /* MacWindow.cpp */,
				B2ED5E332B73A811007A7F36 /* MacWindow.hpp */,
			);
			path = MacOS;
			sourceTree = "<group>";
		};
		B2ED5E3D2B748AE0007A7F36 /* Renderer */ = {
			isa = PBXGroup;
			children = (
				B2ED5E412B748AFB007A7F36 /* Renderer.hpp */,
				B2ED5E452B749045007A7F36 /* Graphics */,
			);
			path = Renderer;
			sourceTree = "<group>";
		};
		B2ED5E3F2B748AEA007A7F36 /* Renderer */ = {
			isa = PBXGroup;
			children = (
				B2ED5E402B748AFB007A7F36 /* Renderer.cpp */,
				B2ED5E4B2B749059007A7F36 /* Graphics */,
			);
			path = Renderer;
			sourceTree = "<group>";
		};
		B2ED5E452B749045007A7F36 /* Graphics */ = {
			isa = PBXGroup;
			children = (
				B2ED5E4D2B749090007A7F36 /* Specifications.h */,
				B2ED5E512B749097007A7F36 /* Factories.hpp */,
				B2ED5E482B749053007A7F36 /* RendererContext.hpp */,
			);
			path = Graphics;
			sourceTree = "<group>";
		};
		B2ED5E4B2B749059007A7F36 /* Graphics */ = {
			isa = PBXGroup;
			children = (
				B2ED5E542B74911C007A7F36 /* Factories.cpp */,
			);
			path = Graphics;
			sourceTree = "<group>";
		};
		B2ED5E562B749143007A7F36 /* OpenGL */ = {
			isa = PBXGroup;
			children = (
				B2ED5E572B74914F007A7F36 /* OpenGLRendererContext.cpp */,
				B2ED5E582B74914F007A7F36 /* OpenGLRendererContext.hpp */,
			);
			path = OpenGL;
			sourceTree = "<group>";
		};
/* End PBXGroup section */

/* Begin PBXHeadersBuildPhase section */
		B2ED5C822B723F31007A7F36 /* Headers */ = {
			isa = PBXHeadersBuildPhase;
			buildActionMask = 2147483647;
			files = (
				B2ED5CB22B724AAC007A7F36 /* Logger.hpp in Headers */,
				B2ED5E352B73A811007A7F36 /* MacWindow.hpp in Headers */,
				B2ED5E532B749097007A7F36 /* Factories.hpp in Headers */,
				B2ED5CB82B724B39007A7F36 /* Configurations.h in Headers */,
				B2ED5E5A2B74914F007A7F36 /* OpenGLRendererContext.hpp in Headers */,
				B2ED5CC52B7265F0007A7F36 /* LoggerBuilder.hpp in Headers */,
				B2ED5E4F2B749090007A7F36 /* Specifications.h in Headers */,
				B2ED5E282B7397A5007A7F36 /* LayerStack.hpp in Headers */,
				B2ED5CCA2B7346AC007A7F36 /* Timer.hpp in Headers */,
				B2ED5CC02B724D1D007A7F36 /* IKHeaders.h in Headers */,
				B2ED5E4A2B749053007A7F36 /* RendererContext.hpp in Headers */,
				B2ED5E432B748AFB007A7F36 /* Renderer.hpp in Headers */,
				B2ED5E142B7370DA007A7F36 /* MouseEvent.h in Headers */,
				B2ED5E132B7370DA007A7F36 /* ApplicationEvent.h in Headers */,
				B2ED5E2D2B73A5C4007A7F36 /* Window.hpp in Headers */,
				B2ED5CCF2B736963007A7F36 /* TimeStep.hpp in Headers */,
				B2ED5E112B7370DA007A7F36 /* Event.h in Headers */,
				B2ED5C9F2B723F85007A7F36 /* Application.hpp in Headers */,
				B2ED5E222B738FE5007A7F36 /* Layer.hpp in Headers */,
				B2ED5CBC2B724B7F007A7F36 /* PrefixHeader.pch in Headers */,
				B2ED5E122B7370DA007A7F36 /* KeyEvent.h in Headers */,
				B2ED5E1E2B738C58007A7F36 /* ApplicationImpl.hpp in Headers */,
			);
			runOnlyForDeploymentPostprocessing = 0;
		};
/* End PBXHeadersBuildPhase section */

/* Begin PBXNativeTarget section */
		B2ED5C852B723F31007A7F36 /* IKan */ = {
			isa = PBXNativeTarget;
			buildConfigurationList = B2ED5C912B723F31007A7F36 /* Build configuration list for PBXNativeTarget "IKan" */;
			buildPhases = (
				B2ED5C822B723F31007A7F36 /* Headers */,
				B2ED5C832B723F31007A7F36 /* Sources */,
				B2ED5C842B723F31007A7F36 /* Frameworks */,
			);
			buildRules = (
			);
			dependencies = (
			);
			name = IKan;
			productName = IKan;
			productReference = B2ED5C862B723F31007A7F36 /* libIKan.a */;
			productType = "com.apple.product-type.library.static";
		};
/* End PBXNativeTarget section */

/* Begin PBXProject section */
		B2ED5C7E2B723F31007A7F36 /* Project object */ = {
			isa = PBXProject;
			attributes = {
				BuildIndependentTargetsInParallel = 1;
				LastUpgradeCheck = 1500;
				TargetAttributes = {
					B2ED5C852B723F31007A7F36 = {
						CreatedOnToolsVersion = 15.0.1;
					};
				};
			};
			buildConfigurationList = B2ED5C812B723F31007A7F36 /* Build configuration list for PBXProject "IKan" */;
			compatibilityVersion = "Xcode 14.0";
			developmentRegion = en;
			hasScannedForEncodings = 0;
			knownRegions = (
				en,
				Base,
			);
			mainGroup = B2ED5C7D2B723F31007A7F36;
			productRefGroup = B2ED5C872B723F31007A7F36 /* Products */;
			projectDirPath = "";
			projectReferences = (
				{
					ProductGroup = B2ED5CE82B736A50007A7F36 /* Products */;
					ProjectRef = B2ED5CE72B736A50007A7F36 /* GLFW.xcodeproj */;
				},
			);
			projectRoot = "";
			targets = (
				B2ED5C852B723F31007A7F36 /* IKan */,
			);
		};
/* End PBXProject section */

/* Begin PBXReferenceProxy section */
		B2ED5CEC2B736A50007A7F36 /* libGLFW.a */ = {
			isa = PBXReferenceProxy;
			fileType = archive.ar;
			path = libGLFW.a;
			remoteRef = B2ED5CEB2B736A50007A7F36 /* PBXContainerItemProxy */;
			sourceTree = BUILT_PRODUCTS_DIR;
		};
/* End PBXReferenceProxy section */

/* Begin PBXSourcesBuildPhase section */
		B2ED5C832B723F31007A7F36 /* Sources */ = {
			isa = PBXSourcesBuildPhase;
			buildActionMask = 2147483647;
			files = (
				B2ED5E592B74914F007A7F36 /* OpenGLRendererContext.cpp in Sources */,
				B2ED5E342B73A811007A7F36 /* MacWindow.cpp in Sources */,
				B2ED5E1D2B738C58007A7F36 /* ApplicationImpl.cpp in Sources */,
				B2ED5E552B74911C007A7F36 /* Factories.cpp in Sources */,
				B2ED5C9E2B723F85007A7F36 /* Application.cpp in Sources */,
				B2ED5CB12B724AAC007A7F36 /* Logger.cpp in Sources */,
				B2ED5E2C2B73A5C4007A7F36 /* Window.cpp in Sources */,
				B2ED5CC42B7265F0007A7F36 /* LoggerBuilder.cpp in Sources */,
				B2ED5E422B748AFB007A7F36 /* Renderer.cpp in Sources */,
				B2ED5CCE2B736963007A7F36 /* TimeStep.cpp in Sources */,
				B2ED5CC92B7346AC007A7F36 /* Timer.cpp in Sources */,
				B2ED5E272B7397A5007A7F36 /* LayerStack.cpp in Sources */,
			);
			runOnlyForDeploymentPostprocessing = 0;
		};
/* End PBXSourcesBuildPhase section */

/* Begin XCBuildConfiguration section */
		B2ED5C8F2B723F31007A7F36 /* Debug */ = {
			isa = XCBuildConfiguration;
			buildSettings = {
				ALWAYS_SEARCH_USER_PATHS = NO;
				ASSETCATALOG_COMPILER_GENERATE_SWIFT_ASSET_SYMBOL_EXTENSIONS = YES;
				CLANG_ANALYZER_NONNULL = YES;
				CLANG_ANALYZER_NUMBER_OBJECT_CONVERSION = YES_AGGRESSIVE;
				CLANG_CXX_LANGUAGE_STANDARD = "gnu++20";
				CLANG_ENABLE_MODULES = YES;
				CLANG_ENABLE_OBJC_ARC = YES;
				CLANG_ENABLE_OBJC_WEAK = YES;
				CLANG_WARN_BLOCK_CAPTURE_AUTORELEASING = YES;
				CLANG_WARN_BOOL_CONVERSION = YES;
				CLANG_WARN_COMMA = YES;
				CLANG_WARN_CONSTANT_CONVERSION = YES;
				CLANG_WARN_DEPRECATED_OBJC_IMPLEMENTATIONS = YES;
				CLANG_WARN_DIRECT_OBJC_ISA_USAGE = YES_ERROR;
				CLANG_WARN_DOCUMENTATION_COMMENTS = YES;
				CLANG_WARN_EMPTY_BODY = YES;
				CLANG_WARN_ENUM_CONVERSION = YES;
				CLANG_WARN_INFINITE_RECURSION = YES;
				CLANG_WARN_INT_CONVERSION = YES;
				CLANG_WARN_NON_LITERAL_NULL_CONVERSION = YES;
				CLANG_WARN_OBJC_IMPLICIT_RETAIN_SELF = YES;
				CLANG_WARN_OBJC_LITERAL_CONVERSION = YES;
				CLANG_WARN_OBJC_ROOT_CLASS = YES_ERROR;
				CLANG_WARN_QUOTED_INCLUDE_IN_FRAMEWORK_HEADER = YES;
				CLANG_WARN_RANGE_LOOP_ANALYSIS = YES;
				CLANG_WARN_STRICT_PROTOTYPES = YES;
				CLANG_WARN_SUSPICIOUS_MOVE = YES;
				CLANG_WARN_UNGUARDED_AVAILABILITY = YES_AGGRESSIVE;
				CLANG_WARN_UNREACHABLE_CODE = YES;
				CLANG_WARN__DUPLICATE_METHOD_MATCH = YES;
				COPY_PHASE_STRIP = NO;
				DEBUG_INFORMATION_FORMAT = dwarf;
				ENABLE_STRICT_OBJC_MSGSEND = YES;
				ENABLE_TESTABILITY = YES;
				ENABLE_USER_SCRIPT_SANDBOXING = YES;
				GCC_C_LANGUAGE_STANDARD = gnu17;
				GCC_DYNAMIC_NO_PIC = NO;
				GCC_NO_COMMON_BLOCKS = YES;
				GCC_OPTIMIZATION_LEVEL = 0;
				GCC_PREPROCESSOR_DEFINITIONS = (
					"DEBUG=1",
					"$(inherited)",
				);
				GCC_WARN_64_TO_32_BIT_CONVERSION = YES;
				GCC_WARN_ABOUT_RETURN_TYPE = YES_ERROR;
				GCC_WARN_UNDECLARED_SELECTOR = YES;
				GCC_WARN_UNINITIALIZED_AUTOS = YES_AGGRESSIVE;
				GCC_WARN_UNUSED_FUNCTION = YES;
				GCC_WARN_UNUSED_VARIABLE = YES;
				LOCALIZATION_PREFERS_STRING_CATALOGS = YES;
				MACOSX_DEPLOYMENT_TARGET = 14.0;
				MTL_ENABLE_DEBUG_INFO = INCLUDE_SOURCE;
				MTL_FAST_MATH = YES;
				ONLY_ACTIVE_ARCH = YES;
				SDKROOT = macosx;
			};
			name = Debug;
		};
		B2ED5C902B723F31007A7F36 /* Release */ = {
			isa = XCBuildConfiguration;
			buildSettings = {
				ALWAYS_SEARCH_USER_PATHS = NO;
				ASSETCATALOG_COMPILER_GENERATE_SWIFT_ASSET_SYMBOL_EXTENSIONS = YES;
				CLANG_ANALYZER_NONNULL = YES;
				CLANG_ANALYZER_NUMBER_OBJECT_CONVERSION = YES_AGGRESSIVE;
				CLANG_CXX_LANGUAGE_STANDARD = "gnu++20";
				CLANG_ENABLE_MODULES = YES;
				CLANG_ENABLE_OBJC_ARC = YES;
				CLANG_ENABLE_OBJC_WEAK = YES;
				CLANG_WARN_BLOCK_CAPTURE_AUTORELEASING = YES;
				CLANG_WARN_BOOL_CONVERSION = YES;
				CLANG_WARN_COMMA = YES;
				CLANG_WARN_CONSTANT_CONVERSION = YES;
				CLANG_WARN_DEPRECATED_OBJC_IMPLEMENTATIONS = YES;
				CLANG_WARN_DIRECT_OBJC_ISA_USAGE = YES_ERROR;
				CLANG_WARN_DOCUMENTATION_COMMENTS = YES;
				CLANG_WARN_EMPTY_BODY = YES;
				CLANG_WARN_ENUM_CONVERSION = YES;
				CLANG_WARN_INFINITE_RECURSION = YES;
				CLANG_WARN_INT_CONVERSION = YES;
				CLANG_WARN_NON_LITERAL_NULL_CONVERSION = YES;
				CLANG_WARN_OBJC_IMPLICIT_RETAIN_SELF = YES;
				CLANG_WARN_OBJC_LITERAL_CONVERSION = YES;
				CLANG_WARN_OBJC_ROOT_CLASS = YES_ERROR;
				CLANG_WARN_QUOTED_INCLUDE_IN_FRAMEWORK_HEADER = YES;
				CLANG_WARN_RANGE_LOOP_ANALYSIS = YES;
				CLANG_WARN_STRICT_PROTOTYPES = YES;
				CLANG_WARN_SUSPICIOUS_MOVE = YES;
				CLANG_WARN_UNGUARDED_AVAILABILITY = YES_AGGRESSIVE;
				CLANG_WARN_UNREACHABLE_CODE = YES;
				CLANG_WARN__DUPLICATE_METHOD_MATCH = YES;
				COPY_PHASE_STRIP = NO;
				DEBUG_INFORMATION_FORMAT = "dwarf-with-dsym";
				ENABLE_NS_ASSERTIONS = NO;
				ENABLE_STRICT_OBJC_MSGSEND = YES;
				ENABLE_USER_SCRIPT_SANDBOXING = YES;
				GCC_C_LANGUAGE_STANDARD = gnu17;
				GCC_NO_COMMON_BLOCKS = YES;
				GCC_WARN_64_TO_32_BIT_CONVERSION = YES;
				GCC_WARN_ABOUT_RETURN_TYPE = YES_ERROR;
				GCC_WARN_UNDECLARED_SELECTOR = YES;
				GCC_WARN_UNINITIALIZED_AUTOS = YES_AGGRESSIVE;
				GCC_WARN_UNUSED_FUNCTION = YES;
				GCC_WARN_UNUSED_VARIABLE = YES;
				LOCALIZATION_PREFERS_STRING_CATALOGS = YES;
				MACOSX_DEPLOYMENT_TARGET = 14.0;
				MTL_ENABLE_DEBUG_INFO = NO;
				MTL_FAST_MATH = YES;
				SDKROOT = macosx;
			};
			name = Release;
		};
		B2ED5C922B723F31007A7F36 /* Debug */ = {
			isa = XCBuildConfiguration;
			buildSettings = {
				CLANG_CXX_LANGUAGE_STANDARD = "c++23";
				CODE_SIGN_STYLE = Automatic;
				DEVELOPMENT_TEAM = 78KTXZ99TW;
				EXECUTABLE_PREFIX = lib;
				GCC_ENABLE_CPP_EXCEPTIONS = YES;
				GCC_ENABLE_CPP_RTTI = YES;
				GCC_PRECOMPILE_PREFIX_HEADER = YES;
				GCC_PREFIX_HEADER = "${PROJECT_DIR}/PrefixHeader.pch";
				HEADER_SEARCH_PATHS = (
					"${PROJECT_DIR}/interface",
					"${PROJECT_DIR}/implementation",
					"${PROJECT_DIR}/Vendors/SpdLog/include",
					"${PROJECT_DIR}/Vendors/Glm",
					"${PROJECT_DIR}/Vendors/GLFW/GLFW/include",
					"${PROJECT_DIR}/Vendors/Glad/include",
				);
				PRODUCT_NAME = "$(TARGET_NAME)";
				SKIP_INSTALL = YES;
			};
			name = Debug;
		};
		B2ED5C932B723F31007A7F36 /* Release */ = {
			isa = XCBuildConfiguration;
			buildSettings = {
				CLANG_CXX_LANGUAGE_STANDARD = "c++23";
				CODE_SIGN_STYLE = Automatic;
				DEVELOPMENT_TEAM = 78KTXZ99TW;
				EXECUTABLE_PREFIX = lib;
				GCC_ENABLE_CPP_EXCEPTIONS = YES;
				GCC_ENABLE_CPP_RTTI = YES;
				GCC_PRECOMPILE_PREFIX_HEADER = YES;
				GCC_PREFIX_HEADER = "${PROJECT_DIR}/PrefixHeader.pch";
				HEADER_SEARCH_PATHS = (
					"${PROJECT_DIR}/interface",
					"${PROJECT_DIR}/implementation",
					"${PROJECT_DIR}/Vendors/SpdLog/include",
					"${PROJECT_DIR}/Vendors/Glm",
					"${PROJECT_DIR}/Vendors/GLFW/GLFW/include",
					"${PROJECT_DIR}/Vendors/Glad/include",
				);
				PRODUCT_NAME = "$(TARGET_NAME)";
				SKIP_INSTALL = YES;
			};
			name = Release;
		};
/* End XCBuildConfiguration section */

/* Begin XCConfigurationList section */
		B2ED5C812B723F31007A7F36 /* Build configuration list for PBXProject "IKan" */ = {
			isa = XCConfigurationList;
			buildConfigurations = (
				B2ED5C8F2B723F31007A7F36 /* Debug */,
				B2ED5C902B723F31007A7F36 /* Release */,
			);
			defaultConfigurationIsVisible = 0;
			defaultConfigurationName = Release;
		};
		B2ED5C912B723F31007A7F36 /* Build configuration list for PBXNativeTarget "IKan" */ = {
			isa = XCConfigurationList;
			buildConfigurations = (
				B2ED5C922B723F31007A7F36 /* Debug */,
				B2ED5C932B723F31007A7F36 /* Release */,
			);
			defaultConfigurationIsVisible = 0;
			defaultConfigurationName = Release;
		};
/* End XCConfigurationList section */
	};
	rootObject = B2ED5C7E2B723F31007A7F36 /* Project object */;
}
