// !$*UTF8*$!
{
	archiveVersion = 1;
	classes = {
	};
	objectVersion = 56;
	objects = {

/* Begin PBXBuildFile section */
		B248B8EC2B7E3B4500B9EC40 /* KreatorLayerUI.cpp in Sources */ = {isa = PBXBuildFile; fileRef = B248B8EB2B7E3B4500B9EC40 /* KreatorLayerUI.cpp */; };
		B248B8F02B7E3EED00B9EC40 /* ImGuiTheme.cpp in Sources */ = {isa = PBXBuildFile; fileRef = B248B8EE2B7E3EED00B9EC40 /* ImGuiTheme.cpp */; };
		B248B8F32B7F19B600B9EC40 /* ImGuiUtils.cpp in Sources */ = {isa = PBXBuildFile; fileRef = B248B8F12B7F19B600B9EC40 /* ImGuiUtils.cpp */; };
		B248B8FC2B7F881D00B9EC40 /* FolderExplorer.cpp in Sources */ = {isa = PBXBuildFile; fileRef = B248B8FA2B7F881D00B9EC40 /* FolderExplorer.cpp */; };
		B248B8FF2B83388800B9EC40 /* ContentBrowserItem.cpp in Sources */ = {isa = PBXBuildFile; fileRef = B248B8FD2B83388800B9EC40 /* ContentBrowserItem.cpp */; };
		B248B9162B835A7700B9EC40 /* ImGuiWidget.cpp in Sources */ = {isa = PBXBuildFile; fileRef = B248B9142B835A7700B9EC40 /* ImGuiWidget.cpp */; };
		B2C0B6CF2B75F7580015A277 /* libbz2.1.0.8.tbd in Frameworks */ = {isa = PBXBuildFile; fileRef = B2C0B6CE2B75F7580015A277 /* libbz2.1.0.8.tbd */; };
		B2C0B6D12B75F7600015A277 /* libz.tbd in Frameworks */ = {isa = PBXBuildFile; fileRef = B2C0B6D02B75F7600015A277 /* libz.tbd */; };
		B2C0B6DF2B79DD210015A277 /* libpugixml.1.13.dylib in Frameworks */ = {isa = PBXBuildFile; fileRef = B2C0B6DC2B79DD210015A277 /* libpugixml.1.13.dylib */; };
		B2C0B6E02B79DD210015A277 /* libassimp.5.2.4.dylib in Frameworks */ = {isa = PBXBuildFile; fileRef = B2C0B6DD2B79DD210015A277 /* libassimp.5.2.4.dylib */; };
		B2C0B6E12B79DD210015A277 /* libminizip.1.dylib in Frameworks */ = {isa = PBXBuildFile; fileRef = B2C0B6DE2B79DD210015A277 /* libminizip.1.dylib */; };
		B2C0B6E22B79DD370015A277 /* libassimp.5.2.4.dylib in CopyFiles */ = {isa = PBXBuildFile; fileRef = B2C0B6DD2B79DD210015A277 /* libassimp.5.2.4.dylib */; settings = {ATTRIBUTES = (CodeSignOnCopy, ); }; };
		B2C0B6E32B79DD370015A277 /* libminizip.1.dylib in CopyFiles */ = {isa = PBXBuildFile; fileRef = B2C0B6DE2B79DD210015A277 /* libminizip.1.dylib */; settings = {ATTRIBUTES = (CodeSignOnCopy, ); }; };
		B2C0B6E42B79DD370015A277 /* libpugixml.1.13.dylib in CopyFiles */ = {isa = PBXBuildFile; fileRef = B2C0B6DC2B79DD210015A277 /* libpugixml.1.13.dylib */; settings = {ATTRIBUTES = (CodeSignOnCopy, ); }; };
		B2C0BA142B7E0F5D0015A277 /* UserPreferences.cpp in Sources */ = {isa = PBXBuildFile; fileRef = B2C0BA122B7E0F5D0015A277 /* UserPreferences.cpp */; };
		B2ED5C5F2B723E25007A7F36 /* EntryPoint.cpp in Sources */ = {isa = PBXBuildFile; fileRef = B2ED5C5E2B723E25007A7F36 /* EntryPoint.cpp */; };
		B2ED5C9A2B723F76007A7F36 /* libIKan.a in Frameworks */ = {isa = PBXBuildFile; fileRef = B2ED5C992B723F76007A7F36 /* libIKan.a */; };
		B2ED5E1A2B738B23007A7F36 /* Kreator.cpp in Sources */ = {isa = PBXBuildFile; fileRef = B2ED5E182B738B23007A7F36 /* Kreator.cpp */; };
		B2ED5E912B74A190007A7F36 /* KreatorLayer.cpp in Sources */ = {isa = PBXBuildFile; fileRef = B2ED5E8F2B74A190007A7F36 /* KreatorLayer.cpp */; };
/* End PBXBuildFile section */

/* Begin PBXCopyFilesBuildPhase section */
		B2ED5C592B723E25007A7F36 /* CopyFiles */ = {
			isa = PBXCopyFilesBuildPhase;
			buildActionMask = 12;
			dstPath = "";
			dstSubfolderSpec = 6;
			files = (
				B2C0B6E22B79DD370015A277 /* libassimp.5.2.4.dylib in CopyFiles */,
				B2C0B6E32B79DD370015A277 /* libminizip.1.dylib in CopyFiles */,
				B2C0B6E42B79DD370015A277 /* libpugixml.1.13.dylib in CopyFiles */,
			);
			runOnlyForDeploymentPostprocessing = 0;
		};
/* End PBXCopyFilesBuildPhase section */

/* Begin PBXFileReference section */
		B248B8EB2B7E3B4500B9EC40 /* KreatorLayerUI.cpp */ = {isa = PBXFileReference; lastKnownFileType = sourcecode.cpp.cpp; path = KreatorLayerUI.cpp; sourceTree = "<group>"; };
		B248B8EE2B7E3EED00B9EC40 /* ImGuiTheme.cpp */ = {isa = PBXFileReference; lastKnownFileType = sourcecode.cpp.cpp; path = ImGuiTheme.cpp; sourceTree = "<group>"; };
		B248B8EF2B7E3EED00B9EC40 /* ImGuiTheme.hpp */ = {isa = PBXFileReference; lastKnownFileType = sourcecode.cpp.h; path = ImGuiTheme.hpp; sourceTree = "<group>"; };
		B248B8F12B7F19B600B9EC40 /* ImGuiUtils.cpp */ = {isa = PBXFileReference; lastKnownFileType = sourcecode.cpp.cpp; path = ImGuiUtils.cpp; sourceTree = "<group>"; };
		B248B8F22B7F19B600B9EC40 /* ImGuiUtils.hpp */ = {isa = PBXFileReference; lastKnownFileType = sourcecode.cpp.h; path = ImGuiUtils.hpp; sourceTree = "<group>"; };
		B248B8F52B7F23F500B9EC40 /* ImGuiScoped.hpp */ = {isa = PBXFileReference; lastKnownFileType = sourcecode.cpp.h; path = ImGuiScoped.hpp; sourceTree = "<group>"; };
		B248B8F82B7F650600B9EC40 /* UI_InputBuffer.hpp */ = {isa = PBXFileReference; lastKnownFileType = sourcecode.cpp.h; path = UI_InputBuffer.hpp; sourceTree = "<group>"; };
		B248B8FA2B7F881D00B9EC40 /* FolderExplorer.cpp */ = {isa = PBXFileReference; lastKnownFileType = sourcecode.cpp.cpp; path = FolderExplorer.cpp; sourceTree = "<group>"; };
		B248B8FB2B7F881D00B9EC40 /* FolderExplorer.hpp */ = {isa = PBXFileReference; lastKnownFileType = sourcecode.cpp.h; path = FolderExplorer.hpp; sourceTree = "<group>"; };
		B248B8FD2B83388800B9EC40 /* ContentBrowserItem.cpp */ = {isa = PBXFileReference; lastKnownFileType = sourcecode.cpp.cpp; path = ContentBrowserItem.cpp; sourceTree = "<group>"; };
		B248B8FE2B83388800B9EC40 /* ContentBrowserItem.hpp */ = {isa = PBXFileReference; lastKnownFileType = sourcecode.cpp.h; path = ContentBrowserItem.hpp; sourceTree = "<group>"; };
		B248B9142B835A7700B9EC40 /* ImGuiWidget.cpp */ = {isa = PBXFileReference; lastKnownFileType = sourcecode.cpp.cpp; path = ImGuiWidget.cpp; sourceTree = "<group>"; };
		B248B9152B835A7700B9EC40 /* ImGuiWidget.hpp */ = {isa = PBXFileReference; lastKnownFileType = sourcecode.cpp.h; path = ImGuiWidget.hpp; sourceTree = "<group>"; };
		B2C0B6CE2B75F7580015A277 /* libbz2.1.0.8.tbd */ = {isa = PBXFileReference; lastKnownFileType = "sourcecode.text-based-dylib-definition"; name = libbz2.1.0.8.tbd; path = usr/lib/libbz2.1.0.8.tbd; sourceTree = SDKROOT; };
		B2C0B6D02B75F7600015A277 /* libz.tbd */ = {isa = PBXFileReference; lastKnownFileType = "sourcecode.text-based-dylib-definition"; name = libz.tbd; path = usr/lib/libz.tbd; sourceTree = SDKROOT; };
		B2C0B6DC2B79DD210015A277 /* libpugixml.1.13.dylib */ = {isa = PBXFileReference; lastKnownFileType = "compiled.mach-o.dylib"; name = libpugixml.1.13.dylib; path = ../IKan/Vendors/Assimp/lib/libpugixml.1.13.dylib; sourceTree = "<group>"; };
		B2C0B6DD2B79DD210015A277 /* libassimp.5.2.4.dylib */ = {isa = PBXFileReference; lastKnownFileType = "compiled.mach-o.dylib"; name = libassimp.5.2.4.dylib; path = ../IKan/Vendors/Assimp/lib/libassimp.5.2.4.dylib; sourceTree = "<group>"; };
		B2C0B6DE2B79DD210015A277 /* libminizip.1.dylib */ = {isa = PBXFileReference; lastKnownFileType = "compiled.mach-o.dylib"; name = libminizip.1.dylib; path = ../IKan/Vendors/Assimp/lib/libminizip.1.dylib; sourceTree = "<group>"; };
		B2C0BA122B7E0F5D0015A277 /* UserPreferences.cpp */ = {isa = PBXFileReference; lastKnownFileType = sourcecode.cpp.cpp; path = UserPreferences.cpp; sourceTree = "<group>"; };
		B2C0BA132B7E0F5D0015A277 /* UserPreferences.hpp */ = {isa = PBXFileReference; lastKnownFileType = sourcecode.cpp.h; path = UserPreferences.hpp; sourceTree = "<group>"; };
		B2ED5C5B2B723E25007A7F36 /* Kreator */ = {isa = PBXFileReference; explicitFileType = "compiled.mach-o.executable"; includeInIndex = 0; path = Kreator; sourceTree = BUILT_PRODUCTS_DIR; };
		B2ED5C5E2B723E25007A7F36 /* EntryPoint.cpp */ = {isa = PBXFileReference; lastKnownFileType = sourcecode.cpp.cpp; path = EntryPoint.cpp; sourceTree = "<group>"; };
		B2ED5C992B723F76007A7F36 /* libIKan.a */ = {isa = PBXFileReference; explicitFileType = archive.ar; path = libIKan.a; sourceTree = BUILT_PRODUCTS_DIR; };
		B2ED5CBE2B724C54007A7F36 /* PrefixHeader.pch */ = {isa = PBXFileReference; lastKnownFileType = sourcecode.c.h; path = PrefixHeader.pch; sourceTree = "<group>"; };
		B2ED5E182B738B23007A7F36 /* Kreator.cpp */ = {isa = PBXFileReference; lastKnownFileType = sourcecode.cpp.cpp; path = Kreator.cpp; sourceTree = "<group>"; };
		B2ED5E192B738B23007A7F36 /* Kreator.hpp */ = {isa = PBXFileReference; lastKnownFileType = sourcecode.cpp.h; path = Kreator.hpp; sourceTree = "<group>"; };
		B2ED5E382B73ADF6007A7F36 /* Profiler.log */ = {isa = PBXFileReference; lastKnownFileType = text; path = Profiler.log; sourceTree = "<group>"; };
		B2ED5E392B73ADF6007A7F36 /* Kreator.log */ = {isa = PBXFileReference; lastKnownFileType = text; path = Kreator.log; sourceTree = "<group>"; };
		B2ED5E8F2B74A190007A7F36 /* KreatorLayer.cpp */ = {isa = PBXFileReference; lastKnownFileType = sourcecode.cpp.cpp; path = KreatorLayer.cpp; sourceTree = "<group>"; };
		B2ED5E902B74A190007A7F36 /* KreatorLayer.hpp */ = {isa = PBXFileReference; lastKnownFileType = sourcecode.cpp.h; path = KreatorLayer.hpp; sourceTree = "<group>"; };
/* End PBXFileReference section */

/* Begin PBXFrameworksBuildPhase section */
		B2ED5C582B723E25007A7F36 /* Frameworks */ = {
			isa = PBXFrameworksBuildPhase;
			buildActionMask = 2147483647;
			files = (
				B2C0B6DF2B79DD210015A277 /* libpugixml.1.13.dylib in Frameworks */,
				B2C0B6E02B79DD210015A277 /* libassimp.5.2.4.dylib in Frameworks */,
				B2C0B6E12B79DD210015A277 /* libminizip.1.dylib in Frameworks */,
				B2C0B6D12B75F7600015A277 /* libz.tbd in Frameworks */,
				B2C0B6CF2B75F7580015A277 /* libbz2.1.0.8.tbd in Frameworks */,
				B2ED5C9A2B723F76007A7F36 /* libIKan.a in Frameworks */,
			);
			runOnlyForDeploymentPostprocessing = 0;
		};
/* End PBXFrameworksBuildPhase section */

/* Begin PBXGroup section */
		B248B8ED2B7E3E8100B9EC40 /* UI */ = {
			isa = PBXGroup;
			children = (
				B248B8F12B7F19B600B9EC40 /* ImGuiUtils.cpp */,
				B248B8F22B7F19B600B9EC40 /* ImGuiUtils.hpp */,
				B248B8EE2B7E3EED00B9EC40 /* ImGuiTheme.cpp */,
				B248B8EF2B7E3EED00B9EC40 /* ImGuiTheme.hpp */,
				B248B8F52B7F23F500B9EC40 /* ImGuiScoped.hpp */,
				B248B8F82B7F650600B9EC40 /* UI_InputBuffer.hpp */,
				B248B9142B835A7700B9EC40 /* ImGuiWidget.cpp */,
				B248B9152B835A7700B9EC40 /* ImGuiWidget.hpp */,
			);
			path = UI;
			sourceTree = "<group>";
		};
		B2C0BA112B7E0F510015A277 /* Editor */ = {
			isa = PBXGroup;
			children = (
				B2C0BA122B7E0F5D0015A277 /* UserPreferences.cpp */,
				B2C0BA132B7E0F5D0015A277 /* UserPreferences.hpp */,
				B248B8FA2B7F881D00B9EC40 /* FolderExplorer.cpp */,
				B248B8FB2B7F881D00B9EC40 /* FolderExplorer.hpp */,
				B248B8FD2B83388800B9EC40 /* ContentBrowserItem.cpp */,
				B248B8FE2B83388800B9EC40 /* ContentBrowserItem.hpp */,
			);
			path = Editor;
			sourceTree = "<group>";
		};
		B2ED5C522B723E25007A7F36 = {
			isa = PBXGroup;
			children = (
				B2ED5CBE2B724C54007A7F36 /* PrefixHeader.pch */,
				B2ED5E372B73ADF6007A7F36 /* Log */,
				B2ED5C5D2B723E25007A7F36 /* Kreator */,
				B2ED5C5C2B723E25007A7F36 /* Products */,
				B2ED5C982B723F75007A7F36 /* Frameworks */,
			);
			sourceTree = "<group>";
		};
		B2ED5C5C2B723E25007A7F36 /* Products */ = {
			isa = PBXGroup;
			children = (
				B2ED5C5B2B723E25007A7F36 /* Kreator */,
			);
			name = Products;
			sourceTree = "<group>";
		};
		B2ED5C5D2B723E25007A7F36 /* Kreator */ = {
			isa = PBXGroup;
			children = (
				B2ED5C5E2B723E25007A7F36 /* EntryPoint.cpp */,
				B2ED5C652B723E50007A7F36 /* Application */,
				B2ED5E8E2B74A0F7007A7F36 /* Layer */,
				B2C0BA112B7E0F510015A277 /* Editor */,
				B248B8ED2B7E3E8100B9EC40 /* UI */,
			);
			path = Kreator;
			sourceTree = "<group>";
		};
		B2ED5C652B723E50007A7F36 /* Application */ = {
			isa = PBXGroup;
			children = (
				B2ED5E182B738B23007A7F36 /* Kreator.cpp */,
				B2ED5E192B738B23007A7F36 /* Kreator.hpp */,
			);
			path = Application;
			sourceTree = "<group>";
		};
		B2ED5C982B723F75007A7F36 /* Frameworks */ = {
			isa = PBXGroup;
			children = (
				B2C0B6DD2B79DD210015A277 /* libassimp.5.2.4.dylib */,
				B2C0B6DE2B79DD210015A277 /* libminizip.1.dylib */,
				B2C0B6DC2B79DD210015A277 /* libpugixml.1.13.dylib */,
				B2C0B6D02B75F7600015A277 /* libz.tbd */,
				B2C0B6CE2B75F7580015A277 /* libbz2.1.0.8.tbd */,
				B2ED5C992B723F76007A7F36 /* libIKan.a */,
			);
			name = Frameworks;
			sourceTree = "<group>";
		};
		B2ED5E372B73ADF6007A7F36 /* Log */ = {
			isa = PBXGroup;
			children = (
				B2ED5E392B73ADF6007A7F36 /* Kreator.log */,
				B2ED5E382B73ADF6007A7F36 /* Profiler.log */,
			);
			path = Log;
			sourceTree = "<group>";
		};
		B2ED5E8E2B74A0F7007A7F36 /* Layer */ = {
			isa = PBXGroup;
			children = (
				B2ED5E8F2B74A190007A7F36 /* KreatorLayer.cpp */,
				B2ED5E902B74A190007A7F36 /* KreatorLayer.hpp */,
				B248B8EB2B7E3B4500B9EC40 /* KreatorLayerUI.cpp */,
			);
			path = Layer;
			sourceTree = "<group>";
		};
/* End PBXGroup section */

/* Begin PBXNativeTarget section */
		B2ED5C5A2B723E25007A7F36 /* Kreator */ = {
			isa = PBXNativeTarget;
			buildConfigurationList = B2ED5C622B723E25007A7F36 /* Build configuration list for PBXNativeTarget "Kreator" */;
			buildPhases = (
				B2ED5C592B723E25007A7F36 /* CopyFiles */,
				B2ED5C572B723E25007A7F36 /* Sources */,
				B2ED5C582B723E25007A7F36 /* Frameworks */,
			);
			buildRules = (
			);
			dependencies = (
			);
			name = Kreator;
			productName = Kreator;
			productReference = B2ED5C5B2B723E25007A7F36 /* Kreator */;
			productType = "com.apple.product-type.tool";
		};
/* End PBXNativeTarget section */

/* Begin PBXProject section */
		B2ED5C532B723E25007A7F36 /* Project object */ = {
			isa = PBXProject;
			attributes = {
				BuildIndependentTargetsInParallel = 1;
				LastUpgradeCheck = 1500;
				TargetAttributes = {
					B2ED5C5A2B723E25007A7F36 = {
						CreatedOnToolsVersion = 15.0.1;
					};
				};
			};
			buildConfigurationList = B2ED5C562B723E25007A7F36 /* Build configuration list for PBXProject "Kreator" */;
			compatibilityVersion = "Xcode 14.0";
			developmentRegion = en;
			hasScannedForEncodings = 0;
			knownRegions = (
				en,
				Base,
			);
			mainGroup = B2ED5C522B723E25007A7F36;
			productRefGroup = B2ED5C5C2B723E25007A7F36 /* Products */;
			projectDirPath = "";
			projectRoot = "";
			targets = (
				B2ED5C5A2B723E25007A7F36 /* Kreator */,
			);
		};
/* End PBXProject section */

/* Begin PBXSourcesBuildPhase section */
		B2ED5C572B723E25007A7F36 /* Sources */ = {
			isa = PBXSourcesBuildPhase;
			buildActionMask = 2147483647;
			files = (
				B248B8FC2B7F881D00B9EC40 /* FolderExplorer.cpp in Sources */,
				B2ED5E912B74A190007A7F36 /* KreatorLayer.cpp in Sources */,
				B248B8F02B7E3EED00B9EC40 /* ImGuiTheme.cpp in Sources */,
				B2C0BA142B7E0F5D0015A277 /* UserPreferences.cpp in Sources */,
				B248B8EC2B7E3B4500B9EC40 /* KreatorLayerUI.cpp in Sources */,
				B2ED5E1A2B738B23007A7F36 /* Kreator.cpp in Sources */,
				B2ED5C5F2B723E25007A7F36 /* EntryPoint.cpp in Sources */,
				B248B9162B835A7700B9EC40 /* ImGuiWidget.cpp in Sources */,
				B248B8FF2B83388800B9EC40 /* ContentBrowserItem.cpp in Sources */,
				B248B8F32B7F19B600B9EC40 /* ImGuiUtils.cpp in Sources */,
			);
			runOnlyForDeploymentPostprocessing = 0;
		};
/* End PBXSourcesBuildPhase section */

/* Begin XCBuildConfiguration section */
		B2ED5C602B723E25007A7F36 /* Debug */ = {
			isa = XCBuildConfiguration;
			buildSettings = {
				ALWAYS_SEARCH_USER_PATHS = NO;
				ASSETCATALOG_COMPILER_GENERATE_SWIFT_ASSET_SYMBOL_EXTENSIONS = YES;
				CLANG_ANALYZER_NONNULL = YES;
				CLANG_ANALYZER_NUMBER_OBJECT_CONVERSION = YES_AGGRESSIVE;
				CLANG_CXX_LANGUAGE_STANDARD = "gnu++20";
				CLANG_ENABLE_MODULES = YES;
				CLANG_ENABLE_OBJC_ARC = YES;
				CLANG_ENABLE_OBJC_WEAK = YES;
				CLANG_WARN_BLOCK_CAPTURE_AUTORELEASING = YES;
				CLANG_WARN_BOOL_CONVERSION = YES;
				CLANG_WARN_COMMA = YES;
				CLANG_WARN_CONSTANT_CONVERSION = YES;
				CLANG_WARN_DEPRECATED_OBJC_IMPLEMENTATIONS = YES;
				CLANG_WARN_DIRECT_OBJC_ISA_USAGE = YES_ERROR;
				CLANG_WARN_DOCUMENTATION_COMMENTS = YES;
				CLANG_WARN_EMPTY_BODY = YES;
				CLANG_WARN_ENUM_CONVERSION = YES;
				CLANG_WARN_INFINITE_RECURSION = YES;
				CLANG_WARN_INT_CONVERSION = YES;
				CLANG_WARN_NON_LITERAL_NULL_CONVERSION = YES;
				CLANG_WARN_OBJC_IMPLICIT_RETAIN_SELF = YES;
				CLANG_WARN_OBJC_LITERAL_CONVERSION = YES;
				CLANG_WARN_OBJC_ROOT_CLASS = YES_ERROR;
				CLANG_WARN_QUOTED_INCLUDE_IN_FRAMEWORK_HEADER = YES;
				CLANG_WARN_RANGE_LOOP_ANALYSIS = YES;
				CLANG_WARN_STRICT_PROTOTYPES = YES;
				CLANG_WARN_SUSPICIOUS_MOVE = YES;
				CLANG_WARN_UNGUARDED_AVAILABILITY = YES_AGGRESSIVE;
				CLANG_WARN_UNREACHABLE_CODE = YES;
				CLANG_WARN__DUPLICATE_METHOD_MATCH = YES;
				COPY_PHASE_STRIP = NO;
				DEBUG_INFORMATION_FORMAT = dwarf;
				ENABLE_STRICT_OBJC_MSGSEND = YES;
				ENABLE_TESTABILITY = YES;
				ENABLE_USER_SCRIPT_SANDBOXING = YES;
				GCC_C_LANGUAGE_STANDARD = gnu17;
				GCC_DYNAMIC_NO_PIC = NO;
				GCC_NO_COMMON_BLOCKS = YES;
				GCC_OPTIMIZATION_LEVEL = 0;
				GCC_PREPROCESSOR_DEFINITIONS = (
					"DEBUG=1",
					"$(inherited)",
				);
				GCC_WARN_64_TO_32_BIT_CONVERSION = YES;
				GCC_WARN_ABOUT_RETURN_TYPE = YES_ERROR;
				GCC_WARN_UNDECLARED_SELECTOR = YES;
				GCC_WARN_UNINITIALIZED_AUTOS = YES_AGGRESSIVE;
				GCC_WARN_UNUSED_FUNCTION = YES;
				GCC_WARN_UNUSED_VARIABLE = YES;
				LOCALIZATION_PREFERS_STRING_CATALOGS = YES;
				MACOSX_DEPLOYMENT_TARGET = 14.0;
				MTL_ENABLE_DEBUG_INFO = INCLUDE_SOURCE;
				MTL_FAST_MATH = YES;
				ONLY_ACTIVE_ARCH = YES;
				SDKROOT = macosx;
			};
			name = Debug;
		};
		B2ED5C612B723E25007A7F36 /* Release */ = {
			isa = XCBuildConfiguration;
			buildSettings = {
				ALWAYS_SEARCH_USER_PATHS = NO;
				ASSETCATALOG_COMPILER_GENERATE_SWIFT_ASSET_SYMBOL_EXTENSIONS = YES;
				CLANG_ANALYZER_NONNULL = YES;
				CLANG_ANALYZER_NUMBER_OBJECT_CONVERSION = YES_AGGRESSIVE;
				CLANG_CXX_LANGUAGE_STANDARD = "gnu++20";
				CLANG_ENABLE_MODULES = YES;
				CLANG_ENABLE_OBJC_ARC = YES;
				CLANG_ENABLE_OBJC_WEAK = YES;
				CLANG_WARN_BLOCK_CAPTURE_AUTORELEASING = YES;
				CLANG_WARN_BOOL_CONVERSION = YES;
				CLANG_WARN_COMMA = YES;
				CLANG_WARN_CONSTANT_CONVERSION = YES;
				CLANG_WARN_DEPRECATED_OBJC_IMPLEMENTATIONS = YES;
				CLANG_WARN_DIRECT_OBJC_ISA_USAGE = YES_ERROR;
				CLANG_WARN_DOCUMENTATION_COMMENTS = YES;
				CLANG_WARN_EMPTY_BODY = YES;
				CLANG_WARN_ENUM_CONVERSION = YES;
				CLANG_WARN_INFINITE_RECURSION = YES;
				CLANG_WARN_INT_CONVERSION = YES;
				CLANG_WARN_NON_LITERAL_NULL_CONVERSION = YES;
				CLANG_WARN_OBJC_IMPLICIT_RETAIN_SELF = YES;
				CLANG_WARN_OBJC_LITERAL_CONVERSION = YES;
				CLANG_WARN_OBJC_ROOT_CLASS = YES_ERROR;
				CLANG_WARN_QUOTED_INCLUDE_IN_FRAMEWORK_HEADER = YES;
				CLANG_WARN_RANGE_LOOP_ANALYSIS = YES;
				CLANG_WARN_STRICT_PROTOTYPES = YES;
				CLANG_WARN_SUSPICIOUS_MOVE = YES;
				CLANG_WARN_UNGUARDED_AVAILABILITY = YES_AGGRESSIVE;
				CLANG_WARN_UNREACHABLE_CODE = YES;
				CLANG_WARN__DUPLICATE_METHOD_MATCH = YES;
				COPY_PHASE_STRIP = NO;
				DEBUG_INFORMATION_FORMAT = "dwarf-with-dsym";
				ENABLE_NS_ASSERTIONS = NO;
				ENABLE_STRICT_OBJC_MSGSEND = YES;
				ENABLE_USER_SCRIPT_SANDBOXING = YES;
				GCC_C_LANGUAGE_STANDARD = gnu17;
				GCC_NO_COMMON_BLOCKS = YES;
				GCC_WARN_64_TO_32_BIT_CONVERSION = YES;
				GCC_WARN_ABOUT_RETURN_TYPE = YES_ERROR;
				GCC_WARN_UNDECLARED_SELECTOR = YES;
				GCC_WARN_UNINITIALIZED_AUTOS = YES_AGGRESSIVE;
				GCC_WARN_UNUSED_FUNCTION = YES;
				GCC_WARN_UNUSED_VARIABLE = YES;
				LOCALIZATION_PREFERS_STRING_CATALOGS = YES;
				MACOSX_DEPLOYMENT_TARGET = 14.0;
				MTL_ENABLE_DEBUG_INFO = NO;
				MTL_FAST_MATH = YES;
				SDKROOT = macosx;
			};
			name = Release;
		};
		B2ED5C632B723E25007A7F36 /* Debug */ = {
			isa = XCBuildConfiguration;
			buildSettings = {
				CLANG_CXX_LANGUAGE_STANDARD = "c++23";
				CODE_SIGN_STYLE = Automatic;
				DEVELOPMENT_TEAM = 78KTXZ99TW;
				ENABLE_HARDENED_RUNTIME = YES;
				GCC_PRECOMPILE_PREFIX_HEADER = YES;
				GCC_PREFIX_HEADER = "${PROJECT_DIR}/PrefixHeader.pch";
				HEADER_SEARCH_PATHS = (
					"${PROJECT_DIR}/Kreator",
					"${PROJECT_DIR}/Vendors/Choc",
					"${PROJECT_DIR}/../IKan/Interface",
					"${PROJECT_DIR}/../IKan/Vendors/SpdLog/include",
					"${PROJECT_DIR}/../IKan/Vendors/Glm",
					"${PROJECT_DIR}/../IKan/Vendors/UI/ImGui",
					"${PROJECT_DIR}/../IKan/Vendors/Freetype/include",
					"${PROJECT_DIR}/../IKan/Vendors/YAML/Yaml/include",
				);
				LIBRARY_SEARCH_PATHS = "${PROJECT_DIR}/../IKan/Vendors/Assimp/lib";
				PRODUCT_NAME = "$(TARGET_NAME)";
			};
			name = Debug;
		};
		B2ED5C642B723E25007A7F36 /* Release */ = {
			isa = XCBuildConfiguration;
			buildSettings = {
				CLANG_CXX_LANGUAGE_STANDARD = "c++23";
				CODE_SIGN_STYLE = Automatic;
				DEVELOPMENT_TEAM = 78KTXZ99TW;
				ENABLE_HARDENED_RUNTIME = YES;
				GCC_PRECOMPILE_PREFIX_HEADER = YES;
				GCC_PREFIX_HEADER = "${PROJECT_DIR}/PrefixHeader.pch";
				HEADER_SEARCH_PATHS = (
					"${PROJECT_DIR}/Kreator",
					"${PROJECT_DIR}/Vendors/Choc",
					"${PROJECT_DIR}/../IKan/Interface",
					"${PROJECT_DIR}/../IKan/Vendors/SpdLog/include",
					"${PROJECT_DIR}/../IKan/Vendors/Glm",
					"${PROJECT_DIR}/../IKan/Vendors/UI/ImGui",
					"${PROJECT_DIR}/../IKan/Vendors/Freetype/include",
					"${PROJECT_DIR}/../IKan/Vendors/YAML/Yaml/include",
				);
				LIBRARY_SEARCH_PATHS = "${PROJECT_DIR}/../IKan/Vendors/Assimp/lib";
				ONLY_ACTIVE_ARCH = YES;
				PRODUCT_NAME = "$(TARGET_NAME)";
			};
			name = Release;
		};
/* End XCBuildConfiguration section */

/* Begin XCConfigurationList section */
		B2ED5C562B723E25007A7F36 /* Build configuration list for PBXProject "Kreator" */ = {
			isa = XCConfigurationList;
			buildConfigurations = (
				B2ED5C602B723E25007A7F36 /* Debug */,
				B2ED5C612B723E25007A7F36 /* Release */,
			);
			defaultConfigurationIsVisible = 0;
			defaultConfigurationName = Release;
		};
		B2ED5C622B723E25007A7F36 /* Build configuration list for PBXNativeTarget "Kreator" */ = {
			isa = XCConfigurationList;
			buildConfigurations = (
				B2ED5C632B723E25007A7F36 /* Debug */,
				B2ED5C642B723E25007A7F36 /* Release */,
			);
			defaultConfigurationIsVisible = 0;
			defaultConfigurationName = Release;
		};
/* End XCConfigurationList section */
	};
	rootObject = B2ED5C532B723E25007A7F36 /* Project object */;
}
